
Microsoft Visual Studio Solution File, Format Version 12.00
# Visual Studio Version 17
Project("{8BC9CEB8-8B4A-11D0-8D11-00A0C91BC942}") = "HazardEditor", "HazardEditor\HazardEditor.vcxproj", "{E64DB7A4-D2B0-4649-7B36-7FFF677812CC}"
EndProject
Project("{2150E333-8FDC-42A3-9474-1A3956D46DE8}") = "Dependencies", "Dependencies", "{53E47842-3FC8-3998-A828-34EB942B241A}"
EndProject
Project("{8BC9CEB8-8B4A-11D0-8D11-00A0C91BC942}") = "Box2D", "Hazard\vendor\Box2D\Box2D.vcxproj", "{A434E80C-1049-10BE-D9CA-B31D459E0CEF}"
EndProject
Project("{FAE04EC0-301F-11D3-BF4B-00C04F79EFBC}") = "Coral.Managed", "Hazard\vendor\Coral\Coral.Managed\Coral.Managed.csproj", "{11178401-7DD7-FF37-4612-49B5B2914414}"
EndProject
Project("{8BC9CEB8-8B4A-11D0-8D11-00A0C91BC942}") = "Coral.Native", "Hazard\vendor\Coral\Coral.Native\Coral.Native.vcxproj", "{EB0B2E29-D76E-BDCD-80F4-F5836C368950}"
EndProject
Project("{8BC9CEB8-8B4A-11D0-8D11-00A0C91BC942}") = "GLFW", "Hazard\vendor\GLFW\GLFW.vcxproj", "{154B857C-0182-860D-AA6E-6C109684020F}"
EndProject
Project("{8BC9CEB8-8B4A-11D0-8D11-00A0C91BC942}") = "Glad", "Hazard\vendor\Glad\Glad.vcxproj", "{BDD6857C-A90D-870D-52FA-6C103E10030F}"
EndProject
Project("{8BC9CEB8-8B4A-11D0-8D11-00A0C91BC942}") = "ImGui", "Hazard\vendor\imgui\ImGui.vcxproj", "{C0FF640D-2C14-8DBE-F595-301E616989EF}"
EndProject
Project("{8BC9CEB8-8B4A-11D0-8D11-00A0C91BC942}") = "yaml-cpp", "Hazard\vendor\yaml-cpp\yaml-cpp.vcxproj", "{88F1A057-74BE-FB62-9DD7-E90A890331F1}"
EndProject
Project("{8BC9CEB8-8B4A-11D0-8D11-00A0C91BC942}") = "Hazard", "Hazard\Hazard.vcxproj", "{DF4CF2B6-CBEE-1C8D-B4A9-30E1A0EAA3DD}"
EndProject
Project("{8BC9CEB8-8B4A-11D0-8D11-00A0C91BC942}") = "Hazard-Renderer", "Hazard-Renderer\Hazard-Renderer.vcxproj", "{63990EDD-CF24-7CA1-D835-FF954440D8A1}"
EndProject
Project("{8BC9CEB8-8B4A-11D0-8D11-00A0C91BC942}") = "Hazard-Script", "Hazard-Script\Hazard-Script.vcxproj", "{C1E015DC-2DA1-9112-F6DB-DA8F625BD6EE}"
EndProject
Project("{8BC9CEB8-8B4A-11D0-8D11-00A0C91BC942}") = "Hazard-UI", "Hazard-UI\Hazard-UI.vcxproj", "{2ADFD9D3-9649-8E4A-DF87-3FF04B316C9F}"
EndProject
Project("{8BC9CEB8-8B4A-11D0-8D11-00A0C91BC942}") = "Hazard-Utility", "Hazard-Utility\Hazard-Utility.vcxproj", "{60D0CC1F-4C9E-C025-3532-314C219F9C8A}"
EndProject
Project("{8BC9CEB8-8B4A-11D0-8D11-00A0C91BC942}") = "HazardLauncher", "HazardLauncher\HazardLauncher.vcxproj", "{311E2B5A-1DEC-1E60-0680-8F86F2ECFAC4}"
EndProject
Project("{FAE04EC0-301F-11D3-BF4B-00C04F79EFBC}") = "HazardScripting", "HazardScripting\HazardScripting.csproj", "{B207D3B5-1E93-407A-27A4-C36E93AE9C7A}"
EndProject
Global
	GlobalSection(SolutionConfigurationPlatforms) = preSolution
		Debug|Mixed Platforms = Debug|Mixed Platforms
		Dist|Mixed Platforms = Dist|Mixed Platforms
		Release|Mixed Platforms = Release|Mixed Platforms
	EndGlobalSection
	GlobalSection(ProjectConfigurationPlatforms) = postSolution
		{E64DB7A4-D2B0-4649-7B36-7FFF677812CC}.Debug|Mixed Platforms.ActiveCfg = Debug|x64
		{E64DB7A4-D2B0-4649-7B36-7FFF677812CC}.Debug|Mixed Platforms.Build.0 = Debug|x64
		{E64DB7A4-D2B0-4649-7B36-7FFF677812CC}.Dist|Mixed Platforms.ActiveCfg = Dist|x64
		{E64DB7A4-D2B0-4649-7B36-7FFF677812CC}.Dist|Mixed Platforms.Build.0 = Dist|x64
		{E64DB7A4-D2B0-4649-7B36-7FFF677812CC}.Release|Mixed Platforms.ActiveCfg = Release|x64
		{E64DB7A4-D2B0-4649-7B36-7FFF677812CC}.Release|Mixed Platforms.Build.0 = Release|x64
		{A434E80C-1049-10BE-D9CA-B31D459E0CEF}.Debug|Mixed Platforms.ActiveCfg = Debug|x64
		{A434E80C-1049-10BE-D9CA-B31D459E0CEF}.Debug|Mixed Platforms.Build.0 = Debug|x64
		{A434E80C-1049-10BE-D9CA-B31D459E0CEF}.Dist|Mixed Platforms.ActiveCfg = Dist|x64
		{A434E80C-1049-10BE-D9CA-B31D459E0CEF}.Dist|Mixed Platforms.Build.0 = Dist|x64
		{A434E80C-1049-10BE-D9CA-B31D459E0CEF}.Release|Mixed Platforms.ActiveCfg = Release|x64
		{A434E80C-1049-10BE-D9CA-B31D459E0CEF}.Release|Mixed Platforms.Build.0 = Release|x64
		{11178401-7DD7-FF37-4612-49B5B2914414}.Debug|Mixed Platforms.ActiveCfg = Debug|Any CPU
		{11178401-7DD7-FF37-4612-49B5B2914414}.Debug|Mixed Platforms.Build.0 = Debug|Any CPU
		{11178401-7DD7-FF37-4612-49B5B2914414}.Dist|Mixed Platforms.ActiveCfg = Dist|Any CPU
		{11178401-7DD7-FF37-4612-49B5B2914414}.Dist|Mixed Platforms.Build.0 = Dist|Any CPU
		{11178401-7DD7-FF37-4612-49B5B2914414}.Release|Mixed Platforms.ActiveCfg = Release|Any CPU
		{11178401-7DD7-FF37-4612-49B5B2914414}.Release|Mixed Platforms.Build.0 = Release|Any CPU
		{EB0B2E29-D76E-BDCD-80F4-F5836C368950}.Debug|Mixed Platforms.ActiveCfg = Debug|x64
		{EB0B2E29-D76E-BDCD-80F4-F5836C368950}.Debug|Mixed Platforms.Build.0 = Debug|x64
		{EB0B2E29-D76E-BDCD-80F4-F5836C368950}.Dist|Mixed Platforms.ActiveCfg = Dist|x64
		{EB0B2E29-D76E-BDCD-80F4-F5836C368950}.Dist|Mixed Platforms.Build.0 = Dist|x64
		{EB0B2E29-D76E-BDCD-80F4-F5836C368950}.Release|Mixed Platforms.ActiveCfg = Release|x64
		{EB0B2E29-D76E-BDCD-80F4-F5836C368950}.Release|Mixed Platforms.Build.0 = Release|x64
		{154B857C-0182-860D-AA6E-6C109684020F}.Debug|Mixed Platforms.ActiveCfg = Debug|x64
		{154B857C-0182-860D-AA6E-6C109684020F}.Debug|Mixed Platforms.Build.0 = Debug|x64
		{154B857C-0182-860D-AA6E-6C109684020F}.Dist|Mixed Platforms.ActiveCfg = Dist|x64
		{154B857C-0182-860D-AA6E-6C109684020F}.Dist|Mixed Platforms.Build.0 = Dist|x64
		{154B857C-0182-860D-AA6E-6C109684020F}.Release|Mixed Platforms.ActiveCfg = Release|x64
		{154B857C-0182-860D-AA6E-6C109684020F}.Release|Mixed Platforms.Build.0 = Release|x64
		{BDD6857C-A90D-870D-52FA-6C103E10030F}.Debug|Mixed Platforms.ActiveCfg = Debug|x64
		{BDD6857C-A90D-870D-52FA-6C103E10030F}.Debug|Mixed Platforms.Build.0 = Debug|x64
		{BDD6857C-A90D-870D-52FA-6C103E10030F}.Dist|Mixed Platforms.ActiveCfg = Dist|x64
		{BDD6857C-A90D-870D-52FA-6C103E10030F}.Dist|Mixed Platforms.Build.0 = Dist|x64
		{BDD6857C-A90D-870D-52FA-6C103E10030F}.Release|Mixed Platforms.ActiveCfg = Release|x64
		{BDD6857C-A90D-870D-52FA-6C103E10030F}.Release|Mixed Platforms.Build.0 = Release|x64
		{C0FF640D-2C14-8DBE-F595-301E616989EF}.Debug|Mixed Platforms.ActiveCfg = Debug|x64
		{C0FF640D-2C14-8DBE-F595-301E616989EF}.Debug|Mixed Platforms.Build.0 = Debug|x64
		{C0FF640D-2C14-8DBE-F595-301E616989EF}.Dist|Mixed Platforms.ActiveCfg = Dist|x64
		{C0FF640D-2C14-8DBE-F595-301E616989EF}.Dist|Mixed Platforms.Build.0 = Dist|x64
		{C0FF640D-2C14-8DBE-F595-301E616989EF}.Release|Mixed Platforms.ActiveCfg = Release|x64
		{C0FF640D-2C14-8DBE-F595-301E616989EF}.Release|Mixed Platforms.Build.0 = Release|x64
		{88F1A057-74BE-FB62-9DD7-E90A890331F1}.Debug|Mixed Platforms.ActiveCfg = Debug|x64
		{88F1A057-74BE-FB62-9DD7-E90A890331F1}.Debug|Mixed Platforms.Build.0 = Debug|x64
		{88F1A057-74BE-FB62-9DD7-E90A890331F1}.Dist|Mixed Platforms.ActiveCfg = Dist|x64
		{88F1A057-74BE-FB62-9DD7-E90A890331F1}.Dist|Mixed Platforms.Build.0 = Dist|x64
		{88F1A057-74BE-FB62-9DD7-E90A890331F1}.Release|Mixed Platforms.ActiveCfg = Release|x64
		{88F1A057-74BE-FB62-9DD7-E90A890331F1}.Release|Mixed Platforms.Build.0 = Release|x64
		{DF4CF2B6-CBEE-1C8D-B4A9-30E1A0EAA3DD}.Debug|Mixed Platforms.ActiveCfg = Debug|x64
		{DF4CF2B6-CBEE-1C8D-B4A9-30E1A0EAA3DD}.Debug|Mixed Platforms.Build.0 = Debug|x64
		{DF4CF2B6-CBEE-1C8D-B4A9-30E1A0EAA3DD}.Dist|Mixed Platforms.ActiveCfg = Dist|x64
		{DF4CF2B6-CBEE-1C8D-B4A9-30E1A0EAA3DD}.Dist|Mixed Platforms.Build.0 = Dist|x64
		{DF4CF2B6-CBEE-1C8D-B4A9-30E1A0EAA3DD}.Release|Mixed Platforms.ActiveCfg = Release|x64
		{DF4CF2B6-CBEE-1C8D-B4A9-30E1A0EAA3DD}.Release|Mixed Platforms.Build.0 = Release|x64
		{63990EDD-CF24-7CA1-D835-FF954440D8A1}.Debug|Mixed Platforms.ActiveCfg = Debug|x64
		{63990EDD-CF24-7CA1-D835-FF954440D8A1}.Debug|Mixed Platforms.Build.0 = Debug|x64
		{63990EDD-CF24-7CA1-D835-FF954440D8A1}.Dist|Mixed Platforms.ActiveCfg = Dist|x64
		{63990EDD-CF24-7CA1-D835-FF954440D8A1}.Dist|Mixed Platforms.Build.0 = Dist|x64
		{63990EDD-CF24-7CA1-D835-FF954440D8A1}.Release|Mixed Platforms.ActiveCfg = Release|x64
		{63990EDD-CF24-7CA1-D835-FF954440D8A1}.Release|Mixed Platforms.Build.0 = Release|x64
		{C1E015DC-2DA1-9112-F6DB-DA8F625BD6EE}.Debug|Mixed Platforms.ActiveCfg = Debug|x64
		{C1E015DC-2DA1-9112-F6DB-DA8F625BD6EE}.Debug|Mixed Platforms.Build.0 = Debug|x64
		{C1E015DC-2DA1-9112-F6DB-DA8F625BD6EE}.Dist|Mixed Platforms.ActiveCfg = Dist|x64
		{C1E015DC-2DA1-9112-F6DB-DA8F625BD6EE}.Dist|Mixed Platforms.Build.0 = Dist|x64
		{C1E015DC-2DA1-9112-F6DB-DA8F625BD6EE}.Release|Mixed Platforms.ActiveCfg = Release|x64
		{C1E015DC-2DA1-9112-F6DB-DA8F625BD6EE}.Release|Mixed Platforms.Build.0 = Release|x64
		{2ADFD9D3-9649-8E4A-DF87-3FF04B316C9F}.Debug|Mixed Platforms.ActiveCfg = Debug|x64
		{2ADFD9D3-9649-8E4A-DF87-3FF04B316C9F}.Debug|Mixed Platforms.Build.0 = Debug|x64
		{2ADFD9D3-9649-8E4A-DF87-3FF04B316C9F}.Dist|Mixed Platforms.ActiveCfg = Dist|x64
		{2ADFD9D3-9649-8E4A-DF87-3FF04B316C9F}.Dist|Mixed Platforms.Build.0 = Dist|x64
		{2ADFD9D3-9649-8E4A-DF87-3FF04B316C9F}.Release|Mixed Platforms.ActiveCfg = Release|x64
		{2ADFD9D3-9649-8E4A-DF87-3FF04B316C9F}.Release|Mixed Platforms.Build.0 = Release|x64
		{60D0CC1F-4C9E-C025-3532-314C219F9C8A}.Debug|Mixed Platforms.ActiveCfg = Debug|x64
		{60D0CC1F-4C9E-C025-3532-314C219F9C8A}.Debug|Mixed Platforms.Build.0 = Debug|x64
		{60D0CC1F-4C9E-C025-3532-314C219F9C8A}.Dist|Mixed Platforms.ActiveCfg = Dist|x64
		{60D0CC1F-4C9E-C025-3532-314C219F9C8A}.Dist|Mixed Platforms.Build.0 = Dist|x64
		{60D0CC1F-4C9E-C025-3532-314C219F9C8A}.Release|Mixed Platforms.ActiveCfg = Release|x64
		{60D0CC1F-4C9E-C025-3532-314C219F9C8A}.Release|Mixed Platforms.Build.0 = Release|x64
		{311E2B5A-1DEC-1E60-0680-8F86F2ECFAC4}.Debug|Mixed Platforms.ActiveCfg = Debug|x64
		{311E2B5A-1DEC-1E60-0680-8F86F2ECFAC4}.Debug|Mixed Platforms.Build.0 = Debug|x64
		{311E2B5A-1DEC-1E60-0680-8F86F2ECFAC4}.Dist|Mixed Platforms.ActiveCfg = Dist|x64
		{311E2B5A-1DEC-1E60-0680-8F86F2ECFAC4}.Dist|Mixed Platforms.Build.0 = Dist|x64
		{311E2B5A-1DEC-1E60-0680-8F86F2ECFAC4}.Release|Mixed Platforms.ActiveCfg = Release|x64
		{311E2B5A-1DEC-1E60-0680-8F86F2ECFAC4}.Release|Mixed Platforms.Build.0 = Release|x64
		{B207D3B5-1E93-407A-27A4-C36E93AE9C7A}.Debug|Mixed Platforms.ActiveCfg = Debug|Any CPU
		{B207D3B5-1E93-407A-27A4-C36E93AE9C7A}.Debug|Mixed Platforms.Build.0 = Debug|Any CPU
		{B207D3B5-1E93-407A-27A4-C36E93AE9C7A}.Dist|Mixed Platforms.ActiveCfg = Dist|Any CPU
		{B207D3B5-1E93-407A-27A4-C36E93AE9C7A}.Dist|Mixed Platforms.Build.0 = Dist|Any CPU
		{B207D3B5-1E93-407A-27A4-C36E93AE9C7A}.Release|Mixed Platforms.ActiveCfg = Release|Any CPU
		{B207D3B5-1E93-407A-27A4-C36E93AE9C7A}.Release|Mixed Platforms.Build.0 = Release|Any CPU
	EndGlobalSection
	GlobalSection(SolutionProperties) = preSolution
		HideSolutionNode = FALSE
	EndGlobalSection
	GlobalSection(NestedProjects) = preSolution
		{A434E80C-1049-10BE-D9CA-B31D459E0CEF} = {53E47842-3FC8-3998-A828-34EB942B241A}
		{11178401-7DD7-FF37-4612-49B5B2914414} = {53E47842-3FC8-3998-A828-34EB942B241A}
		{EB0B2E29-D76E-BDCD-80F4-F5836C368950} = {53E47842-3FC8-3998-A828-34EB942B241A}
		{154B857C-0182-860D-AA6E-6C109684020F} = {53E47842-3FC8-3998-A828-34EB942B241A}
		{BDD6857C-A90D-870D-52FA-6C103E10030F} = {53E47842-3FC8-3998-A828-34EB942B241A}
		{C0FF640D-2C14-8DBE-F595-301E616989EF} = {53E47842-3FC8-3998-A828-34EB942B241A}
		{88F1A057-74BE-FB62-9DD7-E90A890331F1} = {53E47842-3FC8-3998-A828-34EB942B241A}
	EndGlobalSection
EndGlobal
