
Microsoft Visual Studio Solution File, Format Version 12.00
# Visual Studio Version 17
Project("{FAE04EC0-301F-11D3-BF4B-00C04F79EFBC}") = "%{ProjectName}", "TestOne.csproj", "{9AE5D879-86B3-CC7F-6F47-3DA65BB4A8E4}"
EndProject
Global
	GlobalSection(SolutionConfigurationPlatforms) = preSolution
		Debug|x64 = Debug|x64
		Dist|x64 = Dist|x64
		Release|x64 = Release|x64
	EndGlobalSection
	GlobalSection(ProjectConfigurationPlatforms) = postSolution
		{9AE5D879-86B3-CC7F-6F47-3DA65BB4A8E4}.Debug|x64.ActiveCfg = Debug|x64
		{9AE5D879-86B3-CC7F-6F47-3DA65BB4A8E4}.Debug|x64.Build.0 = Debug|x64
		{9AE5D879-86B3-CC7F-6F47-3DA65BB4A8E4}.Dist|x64.ActiveCfg = Dist|x64
		{9AE5D879-86B3-CC7F-6F47-3DA65BB4A8E4}.Dist|x64.Build.0 = Dist|x64
		{9AE5D879-86B3-CC7F-6F47-3DA65BB4A8E4}.Release|x64.ActiveCfg = Release|x64
		{9AE5D879-86B3-CC7F-6F47-3DA65BB4A8E4}.Release|x64.Build.0 = Release|x64
	EndGlobalSection
	GlobalSection(SolutionProperties) = preSolution
		HideSolutionNode = FALSE
	EndGlobalSection
EndGlobal
