<?xml version="1.0" encoding="utf-8"?>
<Project ToolsVersion="4.0" xmlns="http://schemas.microsoft.com/developer/msbuild/2003">
  <ItemGroup>
    <Filter Include="Core">
      <UniqueIdentifier>{2EB4837C-1AEB-840D-C3D7-6A10AFED000F}</UniqueIdentifier>
    </Filter>
    <Filter Include="Core\EventSystem">
      <UniqueIdentifier>{E4AE7F5F-D0A7-9EB1-F9D9-8336E5317EBD}</UniqueIdentifier>
    </Filter>
    <Filter Include="Core\Layers">
      <UniqueIdentifier>{2D0BFE82-99C0-7678-22B5-704F8E696D7C}</UniqueIdentifier>
    </Filter>
    <Filter Include="Core\Logging">
      <UniqueIdentifier>{C4E22202-B045-B2A6-59CB-EA5C450D7E29}</UniqueIdentifier>
    </Filter>
    <Filter Include="Platform">
      <UniqueIdentifier>{2AC788B4-1694-E3BF-3FAD-D1672BD9184E}</UniqueIdentifier>
    </Filter>
    <Filter Include="Platform\System">
      <UniqueIdentifier>{FEC62B27-6A52-99EB-7363-1CE0DF6DF5EB}</UniqueIdentifier>
    </Filter>
    <Filter Include="Rendering">
      <UniqueIdentifier>{E3AE1F7C-4F19-D4F2-9857-85980401B247}</UniqueIdentifier>
    </Filter>
    <Filter Include="Rendering\RenderAPI">
      <UniqueIdentifier>{CC0139FB-3863-1609-C1D0-5CBB2D314DC8}</UniqueIdentifier>
    </Filter>
    <Filter Include="Utils">
      <UniqueIdentifier>{F68B420E-62A0-6ABF-2B22-0E1F97F566F0}</UniqueIdentifier>
    </Filter>
  </ItemGroup>
  <ItemGroup>
    <ClInclude Include="src\Core\Application.h">
      <Filter>Core</Filter>
    </ClInclude>
    <ClInclude Include="src\Core\Core.h">
      <Filter>Core</Filter>
    </ClInclude>
    <ClInclude Include="src\Core\EntryPoint.h">
      <Filter>Core</Filter>
    </ClInclude>
    <ClInclude Include="src\Core\EventSystem\ApplicationEvent.h">
      <Filter>Core\EventSystem</Filter>
    </ClInclude>
    <ClInclude Include="src\Core\EventSystem\Event.h">
      <Filter>Core\EventSystem</Filter>
    </ClInclude>
    <ClInclude Include="src\Core\EventSystem\KeyEvent.h">
      <Filter>Core\EventSystem</Filter>
    </ClInclude>
    <ClInclude Include="src\Core\EventSystem\MouseEvent.h">
      <Filter>Core\EventSystem</Filter>
    </ClInclude>
    <ClInclude Include="src\Core\Layers\Layer.h">
      <Filter>Core\Layers</Filter>
    </ClInclude>
    <ClInclude Include="src\Core\Layers\LayerStack.h">
      <Filter>Core\Layers</Filter>
    </ClInclude>
    <ClInclude Include="src\Core\Logging\Log.h">
      <Filter>Core\Logging</Filter>
    </ClInclude>
    <ClInclude Include="src\Hazard.h" />
    <ClInclude Include="src\Platform\System\WindowsWindow.h">
      <Filter>Platform\System</Filter>
    </ClInclude>
    <ClInclude Include="src\Platform\Window.h">
      <Filter>Platform</Filter>
    </ClInclude>
    <ClInclude Include="src\Rendering\RenderAPI\GraphicsContext.h">
      <Filter>Rendering\RenderAPI</Filter>
    </ClInclude>
    <ClInclude Include="src\Rendering\RenderAPI\OpenGLContext.h">
      <Filter>Rendering\RenderAPI</Filter>
    </ClInclude>
    <ClInclude Include="src\Rendering\Renderer2D.h">
      <Filter>Rendering</Filter>
    </ClInclude>
    <ClInclude Include="src\Utils\Color.h">
      <Filter>Utils</Filter>
    </ClInclude>
    <ClInclude Include="src\Utils\Time.h">
      <Filter>Utils</Filter>
    </ClInclude>
    <ClInclude Include="src\hzrpch.h" />
  </ItemGroup>
  <ItemGroup>
    <ClCompile Include="src\Core\Application.cpp">
      <Filter>Core</Filter>
    </ClCompile>
    <ClCompile Include="src\Core\Layers\Layer.cpp">
      <Filter>Core\Layers</Filter>
    </ClCompile>
    <ClCompile Include="src\Core\Layers\LayerStack.cpp">
      <Filter>Core\Layers</Filter>
    </ClCompile>
    <ClCompile Include="src\Core\Logging\Log.cpp">
      <Filter>Core\Logging</Filter>
    </ClCompile>
    <ClCompile Include="src\Platform\System\WindowsWindow.cpp">
      <Filter>Platform\System</Filter>
    </ClCompile>
    <ClCompile Include="src\Rendering\RenderAPI\OpenGLContext.cpp">
      <Filter>Rendering\RenderAPI</Filter>
    </ClCompile>
    <ClCompile Include="src\Rendering\Renderer2D.cpp">
      <Filter>Rendering</Filter>
    </ClCompile>
    <ClCompile Include="src\Utils\Color.cpp">
      <Filter>Utils</Filter>
    </ClCompile>
    <ClCompile Include="src\Utils\Time.cpp">
      <Filter>Utils</Filter>
    </ClCompile>
    <ClCompile Include="src\hzrpch.cpp" />
  </ItemGroup>
</Project>