<?xml version="1.0" encoding="utf-8"?>
<Project ToolsVersion="4.0" xmlns="http://schemas.microsoft.com/developer/msbuild/2003">
  <ItemGroup>
    <Filter Include="src">
      <UniqueIdentifier>{2DAB880B-99B4-887C-2230-9F7C8E38947C}</UniqueIdentifier>
    </Filter>
    <Filter Include="src\Hazard">
      <UniqueIdentifier>{16265114-02DE-9261-6BE5-6BBD57BC2D52}</UniqueIdentifier>
    </Filter>
    <Filter Include="src\Hazard\Assets">
      <UniqueIdentifier>{38F864C4-A40E-635A-ED85-EE7B59DB33E2}</UniqueIdentifier>
    </Filter>
    <Filter Include="src\Hazard\Audio">
      <UniqueIdentifier>{976C1382-8365-32D4-AC97-175998EF11E0}</UniqueIdentifier>
    </Filter>
    <Filter Include="src\Hazard\Core">
      <UniqueIdentifier>{2E88C349-9A13-310E-A324-B4020F2F8D0E}</UniqueIdentifier>
    </Filter>
    <Filter Include="src\Hazard\Entity">
      <UniqueIdentifier>{A2BD5FCD-0ED4-5D63-574B-E984C3A02EEB}</UniqueIdentifier>
    </Filter>
    <Filter Include="src\Hazard\Entity\Components">
      <UniqueIdentifier>{77991D57-6354-0D03-0C0C-864DF8A55793}</UniqueIdentifier>
    </Filter>
    <Filter Include="src\Hazard\Entity\Loader">
      <UniqueIdentifier>{28929A23-14B7-E9A3-3D02-CF332986E8C1}</UniqueIdentifier>
    </Filter>
    <Filter Include="src\Hazard\Events">
      <UniqueIdentifier>{3A5DE8CD-A673-E663-EFEA-71855B40B7EB}</UniqueIdentifier>
    </Filter>
    <Filter Include="src\Hazard\Logging">
      <UniqueIdentifier>{ACBC9795-98A0-58EB-0101-533EED03436D}</UniqueIdentifier>
    </Filter>
    <Filter Include="src\Hazard\Math">
      <UniqueIdentifier>{AFC8C849-1B54-360E-2465-B902906F920E}</UniqueIdentifier>
    </Filter>
    <Filter Include="src\Hazard\Physics">
      <UniqueIdentifier>{88DF78BA-74C3-3910-DD23-3463C9262492}</UniqueIdentifier>
    </Filter>
    <Filter Include="src\Hazard\Physics\Physics2D">
      <UniqueIdentifier>{30985A61-1C53-4A0D-C50A-C357B1A4949D}</UniqueIdentifier>
    </Filter>
    <Filter Include="src\Hazard\RenderContext">
      <UniqueIdentifier>{6AE5904A-560A-E0CA-7F55-C55A6BD9DEE8}</UniqueIdentifier>
    </Filter>
    <Filter Include="src\Hazard\Rendering">
      <UniqueIdentifier>{E30264EE-CF91-EDB7-78B0-01B3641EFE5D}</UniqueIdentifier>
    </Filter>
    <Filter Include="src\Hazard\Rendering\2D">
      <UniqueIdentifier>{A80A7A05-1442-C29C-1D4C-26C08902E995}</UniqueIdentifier>
    </Filter>
    <Filter Include="src\Hazard\Rendering\Image">
      <UniqueIdentifier>{1543CAD2-0153-76A3-6A0C-DBC1563B653C}</UniqueIdentifier>
    </Filter>
    <Filter Include="src\Hazard\Rendering\Loaders">
      <UniqueIdentifier>{DCCDFE99-C888-EE45-7140-67905DDA38D6}</UniqueIdentifier>
    </Filter>
    <Filter Include="src\Hazard\Rendering\Mesh">
      <UniqueIdentifier>{7FBE364C-EB80-6AD6-3431-F962A03243B4}</UniqueIdentifier>
    </Filter>
    <Filter Include="src\Hazard\Rendering\Pipeline">
      <UniqueIdentifier>{689A15E0-D4B2-FC09-9D5F-8CA3093791A3}</UniqueIdentifier>
    </Filter>
    <Filter Include="src\Hazard\Scripting">
      <UniqueIdentifier>{98AEB7CA-843D-4194-2D5C-558F19CA513A}</UniqueIdentifier>
    </Filter>
    <Filter Include="src\Hazard\Scripting\Attributes">
      <UniqueIdentifier>{EE66C660-5A4A-D5A0-634D-03DDCFAF9BF1}</UniqueIdentifier>
    </Filter>
    <Filter Include="src\Hazard\Utils">
      <UniqueIdentifier>{F6DF7C83-E2D8-9BD5-0B0B-815AF7627BE1}</UniqueIdentifier>
    </Filter>
    <Filter Include="src\Platform">
      <UniqueIdentifier>{21CA02E5-0D2D-9289-B6B2-CA3FA2F45D0C}</UniqueIdentifier>
    </Filter>
    <Filter Include="src\Platform\Rendering">
      <UniqueIdentifier>{AE706E2F-9A6A-9781-83D7-2D926F70FDED}</UniqueIdentifier>
    </Filter>
    <Filter Include="src\Platform\Rendering\OpenGL">
      <UniqueIdentifier>{22CAEB0B-8EE2-D235-578F-62CFC36667CF}</UniqueIdentifier>
    </Filter>
    <Filter Include="src\Platform\Rendering\OpenGL\Buffers">
      <UniqueIdentifier>{9E8B91C1-0A50-90B1-D3B5-C07B3F392CE7}</UniqueIdentifier>
    </Filter>
    <Filter Include="src\Platform\Rendering\OpenGL\Textures">
      <UniqueIdentifier>{3522C3EB-2174-9ADB-0A93-D7EBF683B3C4}</UniqueIdentifier>
    </Filter>
    <Filter Include="src\Platform\Rendering\Vulkan">
      <UniqueIdentifier>{6E2E9E1C-DA46-8546-A3F3-14E00FCB19E0}</UniqueIdentifier>
    </Filter>
    <Filter Include="src\Platform\Rendering\Vulkan\Core">
      <UniqueIdentifier>{8687BB00-72C3-BE6A-DBD5-D661C7306785}</UniqueIdentifier>
    </Filter>
    <Filter Include="src\Platform\Rendering\Vulkan\Image">
      <UniqueIdentifier>{E0AA9718-4C64-02C3-D5C3-1C9D417CB832}</UniqueIdentifier>
    </Filter>
    <Filter Include="src\Platform\Rendering\Vulkan\Pipeline">
      <UniqueIdentifier>{53F2ACA7-3F44-8497-2863-C1A714549D80}</UniqueIdentifier>
    </Filter>
    <Filter Include="src\Platform\System">
      <UniqueIdentifier>{15EE9341-814F-714F-0ABD-B701761DA80E}</UniqueIdentifier>
    </Filter>
    <Filter Include="src\Platform\System\Windows">
      <UniqueIdentifier>{4FDDE4E9-BBEA-12D0-44D1-0EBBB0DDDE86}</UniqueIdentifier>
    </Filter>
    <Filter Include="src\Scripting">
      <UniqueIdentifier>{6FBC2D98-DB7C-A9CE-A4B7-F24B1037EEAA}</UniqueIdentifier>
    </Filter>
    <Filter Include="src\Scripting\CSharp">
      <UniqueIdentifier>{1FF8C090-0B87-4A5A-B4A5-5E55A0135B00}</UniqueIdentifier>
    </Filter>
    <Filter Include="src\Scripting\CSharp\Mono">
      <UniqueIdentifier>{2783EAD3-9345-1E5E-DCF5-ACEA48F7F63B}</UniqueIdentifier>
    </Filter>
    <Filter Include="src\Scripting\CSharp\Script">
      <UniqueIdentifier>{83DDBF85-EFEA-ED6B-78D1-E956E4DDB922}</UniqueIdentifier>
    </Filter>
    <Filter Include="src\Scripting\CSharp\Script\Hazard">
      <UniqueIdentifier>{AC9B5944-98D7-5CAE-01EA-74A5ED4405C9}</UniqueIdentifier>
    </Filter>
    <Filter Include="src\Scripting\CSharp\Script\Hazard\Application">
      <UniqueIdentifier>{6FB93131-5B37-82CA-442F-4062304CC4F2}</UniqueIdentifier>
    </Filter>
    <Filter Include="src\Scripting\CSharp\Script\Hazard\Debug">
      <UniqueIdentifier>{22B7AC10-0E34-A053-37B1-A067238D3CE7}</UniqueIdentifier>
    </Filter>
    <Filter Include="src\Scripting\CSharp\Script\Hazard\ECS">
      <UniqueIdentifier>{F685F2C9-E2D7-C9B9-CBF6-06CAB7E7E2A2}</UniqueIdentifier>
    </Filter>
    <Filter Include="src\Scripting\CSharp\Script\Hazard\Math">
      <UniqueIdentifier>{052C4808-71BB-09F3-7AB7-EA0AE6C544FF}</UniqueIdentifier>
    </Filter>
    <Filter Include="src\Scripting\CSharp\Script\Rendering">
      <UniqueIdentifier>{90A65C8F-FC6A-5B7F-C5D0-8B493154F7B4}</UniqueIdentifier>
    </Filter>
    <Filter Include="src\Scripting\HazardScript">
      <UniqueIdentifier>{ED619A93-D971-4664-422B-AB822E5A35FD}</UniqueIdentifier>
    </Filter>
    <Filter Include="vendor">
      <UniqueIdentifier>{B3738122-9F15-ACF8-88D0-BF4C74113349}</UniqueIdentifier>
    </Filter>
    <Filter Include="vendor\VulkanMemoryAllocator">
      <UniqueIdentifier>{CD0FE8DE-B9CA-D78A-6282-50D54E1C221B}</UniqueIdentifier>
    </Filter>
    <Filter Include="vendor\glm">
      <UniqueIdentifier>{829FC5A8-6E57-07F6-D75E-E051C335A2E6}</UniqueIdentifier>
    </Filter>
    <Filter Include="vendor\glm\glm">
      <UniqueIdentifier>{D11AC9C9-BDE8-BCCF-A67C-2DF692E99834}</UniqueIdentifier>
    </Filter>
    <Filter Include="vendor\glm\glm\detail">
      <UniqueIdentifier>{739DA071-DF09-5C6C-A8FD-F3C914297ED4}</UniqueIdentifier>
    </Filter>
    <Filter Include="vendor\glm\glm\ext">
      <UniqueIdentifier>{B19EA76B-9D82-68C1-06E3-6214F2E55243}</UniqueIdentifier>
    </Filter>
    <Filter Include="vendor\glm\glm\gtc">
      <UniqueIdentifier>{9EA6A76B-8A8A-68C1-F3EA-6214DFED5243}</UniqueIdentifier>
    </Filter>
    <Filter Include="vendor\glm\glm\gtx">
      <UniqueIdentifier>{B3A6A76B-9F8A-68C1-08EB-6214F4ED5243}</UniqueIdentifier>
    </Filter>
    <Filter Include="vendor\stb_image">
      <UniqueIdentifier>{0DA0BA59-F998-D9AB-22CB-BE300E23B9B7}</UniqueIdentifier>
    </Filter>
  </ItemGroup>
  <ItemGroup>
    <ClInclude Include="src\Hazard.h">
      <Filter>src</Filter>
    </ClInclude>
    <ClInclude Include="src\Hazard\Assets\Asset.h">
      <Filter>src\Hazard\Assets</Filter>
    </ClInclude>
    <ClInclude Include="src\Hazard\Assets\AssetEnums.h">
      <Filter>src\Hazard\Assets</Filter>
    </ClInclude>
    <ClInclude Include="src\Hazard\Assets\AssetLoader.h">
      <Filter>src\Hazard\Assets</Filter>
    </ClInclude>
    <ClInclude Include="src\Hazard\Assets\AssetManager.h">
      <Filter>src\Hazard\Assets</Filter>
    </ClInclude>
    <ClInclude Include="src\Hazard\Assets\AssetRegistry.h">
      <Filter>src\Hazard\Assets</Filter>
    </ClInclude>
    <ClInclude Include="src\Hazard\Assets\IAssetLoader.h">
      <Filter>src\Hazard\Assets</Filter>
    </ClInclude>
    <ClInclude Include="src\Hazard\Audio\AudioCommand.h">
      <Filter>src\Hazard\Audio</Filter>
    </ClInclude>
    <ClInclude Include="src\Hazard\Audio\AudioEngine.h">
      <Filter>src\Hazard\Audio</Filter>
    </ClInclude>
    <ClInclude Include="src\Hazard\Audio\AudioFactory.h">
      <Filter>src\Hazard\Audio</Filter>
    </ClInclude>
    <ClInclude Include="src\Hazard\Audio\AudioListener.h">
      <Filter>src\Hazard\Audio</Filter>
    </ClInclude>
    <ClInclude Include="src\Hazard\Audio\AudioLoader.h">
      <Filter>src\Hazard\Audio</Filter>
    </ClInclude>
    <ClInclude Include="src\Hazard\Audio\AudioSource.h">
      <Filter>src\Hazard\Audio</Filter>
    </ClInclude>
    <ClInclude Include="src\Hazard\Audio\alhelpers.h">
      <Filter>src\Hazard\Audio</Filter>
    </ClInclude>
    <ClInclude Include="src\Hazard\Core\Analyzer.h">
      <Filter>src\Hazard\Core</Filter>
    </ClInclude>
    <ClInclude Include="src\Hazard\Core\Application.h">
      <Filter>src\Hazard\Core</Filter>
    </ClInclude>
    <ClInclude Include="src\Hazard\Core\ApplicationCreateInfo.h">
      <Filter>src\Hazard\Core</Filter>
    </ClInclude>
    <ClInclude Include="src\Hazard\Core\Buffer.h">
      <Filter>src\Hazard\Core</Filter>
    </ClInclude>
    <ClInclude Include="src\Hazard\Core\CommandLineArgs.h">
      <Filter>src\Hazard\Core</Filter>
    </ClInclude>
    <ClInclude Include="src\Hazard\Core\Core.h">
      <Filter>src\Hazard\Core</Filter>
    </ClInclude>
    <ClInclude Include="src\Hazard\Core\EntryPoint.h">
      <Filter>src\Hazard\Core</Filter>
    </ClInclude>
    <ClInclude Include="src\Hazard\Core\HazardLoop.h">
      <Filter>src\Hazard\Core</Filter>
    </ClInclude>
    <ClInclude Include="src\Hazard\Core\HazardRuntimeError.h">
      <Filter>src\Hazard\Core</Filter>
    </ClInclude>
    <ClInclude Include="src\Hazard\Core\PlatformUtils.h">
      <Filter>src\Hazard\Core</Filter>
    </ClInclude>
    <ClInclude Include="src\Hazard\Core\Ref.h">
      <Filter>src\Hazard\Core</Filter>
    </ClInclude>
    <ClInclude Include="src\Hazard\Core\Timer.h">
      <Filter>src\Hazard\Core</Filter>
    </ClInclude>
    <ClInclude Include="src\Hazard\Core\UUID.h">
      <Filter>src\Hazard\Core</Filter>
    </ClInclude>
    <ClInclude Include="src\Hazard\Entity\Component.h">
      <Filter>src\Hazard\Entity</Filter>
    </ClInclude>
    <ClInclude Include="src\Hazard\Entity\Components\CameraProcessingComponent.h">
      <Filter>src\Hazard\Entity\Components</Filter>
    </ClInclude>
    <ClInclude Include="src\Hazard\Entity\Components\Component.h">
      <Filter>src\Hazard\Entity\Components</Filter>
    </ClInclude>
    <ClInclude Include="src\Hazard\Entity\Components\LightComponent.h">
      <Filter>src\Hazard\Entity\Components</Filter>
    </ClInclude>
    <ClInclude Include="src\Hazard\Entity\Components\PhysicsComponent.h">
      <Filter>src\Hazard\Entity\Components</Filter>
    </ClInclude>
    <ClInclude Include="src\Hazard\Entity\Components\UIComponent.h">
      <Filter>src\Hazard\Entity\Components</Filter>
    </ClInclude>
    <ClInclude Include="src\Hazard\Entity\Entity.h">
      <Filter>src\Hazard\Entity</Filter>
    </ClInclude>
    <ClInclude Include="src\Hazard\Entity\Loader\Component.h">
      <Filter>src\Hazard\Entity\Loader</Filter>
    </ClInclude>
    <ClInclude Include="src\Hazard\Entity\Loader\WorldDeserializer.h">
      <Filter>src\Hazard\Entity\Loader</Filter>
    </ClInclude>
    <ClInclude Include="src\Hazard\Entity\Loader\WorldSerializer.h">
      <Filter>src\Hazard\Entity\Loader</Filter>
    </ClInclude>
    <ClInclude Include="src\Hazard\Entity\World.h">
      <Filter>src\Hazard\Entity</Filter>
    </ClInclude>
    <ClInclude Include="src\Hazard\Entity\WorldCommand.h">
      <Filter>src\Hazard\Entity</Filter>
    </ClInclude>
    <ClInclude Include="src\Hazard\Entity\WorldHandler.h">
      <Filter>src\Hazard\Entity</Filter>
    </ClInclude>
    <ClInclude Include="src\Hazard\Events\ApplicationEvent.h">
      <Filter>src\Hazard\Events</Filter>
    </ClInclude>
    <ClInclude Include="src\Hazard\Events\Event.h">
      <Filter>src\Hazard\Events</Filter>
    </ClInclude>
    <ClInclude Include="src\Hazard\Events\Input.h">
      <Filter>src\Hazard\Events</Filter>
    </ClInclude>
    <ClInclude Include="src\Hazard\Events\KeyCode.h">
      <Filter>src\Hazard\Events</Filter>
    </ClInclude>
    <ClInclude Include="src\Hazard\Events\KeyEvent.h">
      <Filter>src\Hazard\Events</Filter>
    </ClInclude>
    <ClInclude Include="src\Hazard\Events\MouseCode.h">
      <Filter>src\Hazard\Events</Filter>
    </ClInclude>
    <ClInclude Include="src\Hazard\Events\MouseEvent.h">
      <Filter>src\Hazard\Events</Filter>
    </ClInclude>
    <ClInclude Include="src\Hazard\Instrumentor.h">
      <Filter>src\Hazard</Filter>
    </ClInclude>
    <ClInclude Include="src\Hazard\Logging\Logger.h">
      <Filter>src\Hazard\Logging</Filter>
    </ClInclude>
    <ClInclude Include="src\Hazard\Math\Color.h">
      <Filter>src\Hazard\Math</Filter>
    </ClInclude>
    <ClInclude Include="src\Hazard\Math\Math.h">
      <Filter>src\Hazard\Math</Filter>
    </ClInclude>
    <ClInclude Include="src\Hazard\Math\Random.h">
      <Filter>src\Hazard\Math</Filter>
    </ClInclude>
    <ClInclude Include="src\Hazard\Math\Time.h">
      <Filter>src\Hazard\Math</Filter>
    </ClInclude>
    <ClInclude Include="src\Hazard\Module.h">
      <Filter>src\Hazard</Filter>
    </ClInclude>
    <ClInclude Include="src\Hazard\ModuleHandler.h">
      <Filter>src\Hazard</Filter>
    </ClInclude>
    <ClInclude Include="src\Hazard\PerformanceProfiler.h">
      <Filter>src\Hazard</Filter>
    </ClInclude>
    <ClInclude Include="src\Hazard\Physics\Physics2D\Physics2D.h">
      <Filter>src\Hazard\Physics\Physics2D</Filter>
    </ClInclude>
    <ClInclude Include="src\Hazard\Physics\Physics2D\Physics2DContactListener.h">
      <Filter>src\Hazard\Physics\Physics2D</Filter>
    </ClInclude>
    <ClInclude Include="src\Hazard\Physics\PhysicsCommand.h">
      <Filter>src\Hazard\Physics</Filter>
    </ClInclude>
    <ClInclude Include="src\Hazard\RenderContext\RenderContext.h">
      <Filter>src\Hazard\RenderContext</Filter>
    </ClInclude>
    <ClInclude Include="src\Hazard\RenderContext\RenderContextCommand.h">
      <Filter>src\Hazard\RenderContext</Filter>
    </ClInclude>
    <ClInclude Include="src\Hazard\Rendering\2D\Renderer2D.h">
      <Filter>src\Hazard\Rendering\2D</Filter>
    </ClInclude>
    <ClInclude Include="src\Hazard\Rendering\Batch.h">
      <Filter>src\Hazard\Rendering</Filter>
    </ClInclude>
    <ClInclude Include="src\Hazard\Rendering\Camera.h">
      <Filter>src\Hazard\Rendering</Filter>
    </ClInclude>
    <ClInclude Include="src\Hazard\Rendering\DebugRenderer.h">
      <Filter>src\Hazard\Rendering</Filter>
    </ClInclude>
    <ClInclude Include="src\Hazard\Rendering\Image\Image.h">
      <Filter>src\Hazard\Rendering\Image</Filter>
    </ClInclude>
    <ClInclude Include="src\Hazard\Rendering\Image\Image2D.h">
      <Filter>src\Hazard\Rendering\Image</Filter>
    </ClInclude>
    <ClInclude Include="src\Hazard\Rendering\Loaders\Loaders.h">
      <Filter>src\Hazard\Rendering\Loaders</Filter>
    </ClInclude>
    <ClInclude Include="src\Hazard\Rendering\Loaders\ShaderFactory.h">
      <Filter>src\Hazard\Rendering\Loaders</Filter>
    </ClInclude>
    <ClInclude Include="src\Hazard\Rendering\Loaders\TextureFactory.h">
      <Filter>src\Hazard\Rendering\Loaders</Filter>
    </ClInclude>
    <ClInclude Include="src\Hazard\Rendering\Mesh\Mesh.h">
      <Filter>src\Hazard\Rendering\Mesh</Filter>
    </ClInclude>
    <ClInclude Include="src\Hazard\Rendering\Mesh\MeshFactory.h">
      <Filter>src\Hazard\Rendering\Mesh</Filter>
    </ClInclude>
    <ClInclude Include="src\Hazard\Rendering\Mesh\VertexData.h">
      <Filter>src\Hazard\Rendering\Mesh</Filter>
    </ClInclude>
    <ClInclude Include="src\Hazard\Rendering\Pipeline\Buffers.h">
      <Filter>src\Hazard\Rendering\Pipeline</Filter>
    </ClInclude>
    <ClInclude Include="src\Hazard\Rendering\Pipeline\FrameBuffer.h">
      <Filter>src\Hazard\Rendering\Pipeline</Filter>
    </ClInclude>
    <ClInclude Include="src\Hazard\Rendering\Pipeline\Pipeline.h">
      <Filter>src\Hazard\Rendering\Pipeline</Filter>
    </ClInclude>
    <ClInclude Include="src\Hazard\Rendering\Pipeline\RenderPass.h">
      <Filter>src\Hazard\Rendering\Pipeline</Filter>
    </ClInclude>
    <ClInclude Include="src\Hazard\Rendering\Pipeline\Shader.h">
      <Filter>src\Hazard\Rendering\Pipeline</Filter>
    </ClInclude>
    <ClInclude Include="src\Hazard\Rendering\Pipeline\ShaderDataType.h">
      <Filter>src\Hazard\Rendering\Pipeline</Filter>
    </ClInclude>
    <ClInclude Include="src\Hazard\Rendering\RenderCommand.h">
      <Filter>src\Hazard\Rendering</Filter>
    </ClInclude>
    <ClInclude Include="src\Hazard\Rendering\RenderCommandBuffer.h">
      <Filter>src\Hazard\Rendering</Filter>
    </ClInclude>
    <ClInclude Include="src\Hazard\Rendering\RenderCommandQueue.h">
      <Filter>src\Hazard\Rendering</Filter>
    </ClInclude>
    <ClInclude Include="src\Hazard\Rendering\RenderEngine.h">
      <Filter>src\Hazard\Rendering</Filter>
    </ClInclude>
    <ClInclude Include="src\Hazard\Rendering\Texture.h">
      <Filter>src\Hazard\Rendering</Filter>
    </ClInclude>
    <ClInclude Include="src\Hazard\Rendering\WorldRenderer.h">
      <Filter>src\Hazard\Rendering</Filter>
    </ClInclude>
    <ClInclude Include="src\Hazard\Scripting\Attributes\AllAttributes.h">
      <Filter>src\Hazard\Scripting\Attributes</Filter>
    </ClInclude>
    <ClInclude Include="src\Hazard\Scripting\Attributes\Attribute.h">
      <Filter>src\Hazard\Scripting\Attributes</Filter>
    </ClInclude>
    <ClInclude Include="src\Hazard\Scripting\Attributes\ClassAttributes.h">
      <Filter>src\Hazard\Scripting\Attributes</Filter>
    </ClInclude>
    <ClInclude Include="src\Hazard\Scripting\Attributes\FieldAttributes.h">
      <Filter>src\Hazard\Scripting\Attributes</Filter>
    </ClInclude>
    <ClInclude Include="src\Hazard\Scripting\Attributes\MethodAttributes.h">
      <Filter>src\Hazard\Scripting\Attributes</Filter>
    </ClInclude>
    <ClInclude Include="src\Hazard\Scripting\PublicField.h">
      <Filter>src\Hazard\Scripting</Filter>
    </ClInclude>
    <ClInclude Include="src\Hazard\Scripting\Script.h">
      <Filter>src\Hazard\Scripting</Filter>
    </ClInclude>
    <ClInclude Include="src\Hazard\Scripting\ScriptCommand.h">
      <Filter>src\Hazard\Scripting</Filter>
    </ClInclude>
    <ClInclude Include="src\Hazard\Scripting\ScriptEngine.h">
      <Filter>src\Hazard\Scripting</Filter>
    </ClInclude>
    <ClInclude Include="src\Hazard\Scripting\ScriptEngineManager.h">
      <Filter>src\Hazard\Scripting</Filter>
    </ClInclude>
    <ClInclude Include="src\Hazard\Scripting\ScriptRegistry.h">
      <Filter>src\Hazard\Scripting</Filter>
    </ClInclude>
    <ClInclude Include="src\Hazard\Scripting\ScriptResourceManager.h">
      <Filter>src\Hazard\Scripting</Filter>
    </ClInclude>
    <ClInclude Include="src\Hazard\Utils\File.h">
      <Filter>src\Hazard\Utils</Filter>
    </ClInclude>
    <ClInclude Include="src\Hazard\Utils\StringUtil.h">
      <Filter>src\Hazard\Utils</Filter>
    </ClInclude>
    <ClInclude Include="src\Hazard\Utils\YamlUtils.h">
      <Filter>src\Hazard\Utils</Filter>
    </ClInclude>
    <ClInclude Include="src\Platform\Rendering\GraphicsContext.h">
      <Filter>src\Platform\Rendering</Filter>
    </ClInclude>
    <ClInclude Include="src\Platform\Rendering\OpenGL\Buffers\OpenGLBuffers.h">
      <Filter>src\Platform\Rendering\OpenGL\Buffers</Filter>
    </ClInclude>
    <ClInclude Include="src\Platform\Rendering\OpenGL\OpenGL.h">
      <Filter>src\Platform\Rendering\OpenGL</Filter>
    </ClInclude>
    <ClInclude Include="src\Platform\Rendering\OpenGL\OpenGLContext.h">
      <Filter>src\Platform\Rendering\OpenGL</Filter>
    </ClInclude>
    <ClInclude Include="src\Platform\Rendering\OpenGL\OpenGLFramebuffer.h">
      <Filter>src\Platform\Rendering\OpenGL</Filter>
    </ClInclude>
    <ClInclude Include="src\Platform\Rendering\OpenGL\OpenGLImage2D.h">
      <Filter>src\Platform\Rendering\OpenGL</Filter>
    </ClInclude>
    <ClInclude Include="src\Platform\Rendering\OpenGL\OpenGLPipeline.h">
      <Filter>src\Platform\Rendering\OpenGL</Filter>
    </ClInclude>
    <ClInclude Include="src\Platform\Rendering\OpenGL\OpenGLRenderCommandBuffer.h">
      <Filter>src\Platform\Rendering\OpenGL</Filter>
    </ClInclude>
    <ClInclude Include="src\Platform\Rendering\OpenGL\OpenGLRenderPass.h">
      <Filter>src\Platform\Rendering\OpenGL</Filter>
    </ClInclude>
    <ClInclude Include="src\Platform\Rendering\OpenGL\OpenGLShader.h">
      <Filter>src\Platform\Rendering\OpenGL</Filter>
    </ClInclude>
    <ClInclude Include="src\Platform\Rendering\OpenGL\OpenGLUtils.h">
      <Filter>src\Platform\Rendering\OpenGL</Filter>
    </ClInclude>
    <ClInclude Include="src\Platform\Rendering\OpenGL\Textures\OpenGLTexture2D.h">
      <Filter>src\Platform\Rendering\OpenGL\Textures</Filter>
    </ClInclude>
    <ClInclude Include="src\Platform\Rendering\Vulkan\Core\ValidationLayer.h">
      <Filter>src\Platform\Rendering\Vulkan\Core</Filter>
    </ClInclude>
    <ClInclude Include="src\Platform\Rendering\Vulkan\Core\VulkanAllocator.h">
      <Filter>src\Platform\Rendering\Vulkan\Core</Filter>
    </ClInclude>
    <ClInclude Include="src\Platform\Rendering\Vulkan\Core\VulkanDevice.h">
      <Filter>src\Platform\Rendering\Vulkan\Core</Filter>
    </ClInclude>
    <ClInclude Include="src\Platform\Rendering\Vulkan\Core\VulkanSwapChain.h">
      <Filter>src\Platform\Rendering\Vulkan\Core</Filter>
    </ClInclude>
    <ClInclude Include="src\Platform\Rendering\Vulkan\Core\WindowSurface.h">
      <Filter>src\Platform\Rendering\Vulkan\Core</Filter>
    </ClInclude>
    <ClInclude Include="src\Platform\Rendering\Vulkan\Image\VulkanImage2D.h">
      <Filter>src\Platform\Rendering\Vulkan\Image</Filter>
    </ClInclude>
    <ClInclude Include="src\Platform\Rendering\Vulkan\Pipeline\VulkanBuffers.h">
      <Filter>src\Platform\Rendering\Vulkan\Pipeline</Filter>
    </ClInclude>
    <ClInclude Include="src\Platform\Rendering\Vulkan\Pipeline\VulkanPipeline.h">
      <Filter>src\Platform\Rendering\Vulkan\Pipeline</Filter>
    </ClInclude>
    <ClInclude Include="src\Platform\Rendering\Vulkan\Pipeline\VulkanRenderPass.h">
      <Filter>src\Platform\Rendering\Vulkan\Pipeline</Filter>
    </ClInclude>
    <ClInclude Include="src\Platform\Rendering\Vulkan\Pipeline\VulkanShader.h">
      <Filter>src\Platform\Rendering\Vulkan\Pipeline</Filter>
    </ClInclude>
    <ClInclude Include="src\Platform\Rendering\Vulkan\VKUtils.h">
      <Filter>src\Platform\Rendering\Vulkan</Filter>
    </ClInclude>
    <ClInclude Include="src\Platform\Rendering\Vulkan\Vulkan.h">
      <Filter>src\Platform\Rendering\Vulkan</Filter>
    </ClInclude>
    <ClInclude Include="src\Platform\Rendering\Vulkan\VulkanContext.h">
      <Filter>src\Platform\Rendering\Vulkan</Filter>
    </ClInclude>
    <ClInclude Include="src\Platform\Rendering\Vulkan\VulkanFrameBuffer.h">
      <Filter>src\Platform\Rendering\Vulkan</Filter>
    </ClInclude>
    <ClInclude Include="src\Platform\Rendering\Vulkan\VulkanRenderCommandBuffer.h">
      <Filter>src\Platform\Rendering\Vulkan</Filter>
    </ClInclude>
    <ClInclude Include="src\Platform\Rendering\Vulkan\VulkanTexture2D.h">
      <Filter>src\Platform\Rendering\Vulkan</Filter>
    </ClInclude>
    <ClInclude Include="src\Platform\System\Window.h">
      <Filter>src\Platform\System</Filter>
    </ClInclude>
    <ClInclude Include="src\Platform\System\Windows\WindowWindow.h">
      <Filter>src\Platform\System\Windows</Filter>
    </ClInclude>
    <ClInclude Include="src\Scripting\CSharp\AttributeBuilder.h">
      <Filter>src\Scripting\CSharp</Filter>
    </ClInclude>
    <ClInclude Include="src\Scripting\CSharp\Bindings.h">
      <Filter>src\Scripting\CSharp</Filter>
    </ClInclude>
    <ClInclude Include="src\Scripting\CSharp\CSharpEngine.h">
      <Filter>src\Scripting\CSharp</Filter>
    </ClInclude>
    <ClInclude Include="src\Scripting\CSharp\CSharpField.h">
      <Filter>src\Scripting\CSharp</Filter>
    </ClInclude>
    <ClInclude Include="src\Scripting\CSharp\CSharpScript.h">
      <Filter>src\Scripting\CSharp</Filter>
    </ClInclude>
    <ClInclude Include="src\Scripting\CSharp\Mono\Mono.h">
      <Filter>src\Scripting\CSharp\Mono</Filter>
    </ClInclude>
    <ClInclude Include="src\Scripting\CSharp\Script\Hazard\Application\ApplicationBindings.h">
      <Filter>src\Scripting\CSharp\Script\Hazard\Application</Filter>
    </ClInclude>
    <ClInclude Include="src\Scripting\CSharp\Script\Hazard\Application\DisplayBindings.h">
      <Filter>src\Scripting\CSharp\Script\Hazard\Application</Filter>
    </ClInclude>
    <ClInclude Include="src\Scripting\CSharp\Script\Hazard\Application\InputBindings.h">
      <Filter>src\Scripting\CSharp\Script\Hazard\Application</Filter>
    </ClInclude>
    <ClInclude Include="src\Scripting\CSharp\Script\Hazard\Debug\ConsoleBindings.h">
      <Filter>src\Scripting\CSharp\Script\Hazard\Debug</Filter>
    </ClInclude>
    <ClInclude Include="src\Scripting\CSharp\Script\Hazard\Debug\GizmoBindings.h">
      <Filter>src\Scripting\CSharp\Script\Hazard\Debug</Filter>
    </ClInclude>
    <ClInclude Include="src\Scripting\CSharp\Script\Hazard\ECS\AudioSourceBindings.h">
      <Filter>src\Scripting\CSharp\Script\Hazard\ECS</Filter>
    </ClInclude>
    <ClInclude Include="src\Scripting\CSharp\Script\Hazard\ECS\EntityBindings.h">
      <Filter>src\Scripting\CSharp\Script\Hazard\ECS</Filter>
    </ClInclude>
    <ClInclude Include="src\Scripting\CSharp\Script\Hazard\ECS\TagComponentBindings.h">
      <Filter>src\Scripting\CSharp\Script\Hazard\ECS</Filter>
    </ClInclude>
    <ClInclude Include="src\Scripting\CSharp\Script\Hazard\ECS\TransformBindings.h">
      <Filter>src\Scripting\CSharp\Script\Hazard\ECS</Filter>
    </ClInclude>
    <ClInclude Include="src\Scripting\CSharp\Script\Hazard\Math\MathBindings.h">
      <Filter>src\Scripting\CSharp\Script\Hazard\Math</Filter>
    </ClInclude>
    <ClInclude Include="src\Scripting\CSharp\Script\Rendering\BufferBindings.h">
      <Filter>src\Scripting\CSharp\Script\Rendering</Filter>
    </ClInclude>
    <ClInclude Include="src\Scripting\CSharp\ScriptBindings.h">
      <Filter>src\Scripting\CSharp</Filter>
    </ClInclude>
    <ClInclude Include="src\Scripting\CSharp\ScriptUtils.h">
      <Filter>src\Scripting\CSharp</Filter>
    </ClInclude>
    <ClInclude Include="src\Scripting\HazardScript\HVSEngine.h">
      <Filter>src\Scripting\HazardScript</Filter>
    </ClInclude>
    <ClInclude Include="src\Scripting\ScriptEngines.h">
      <Filter>src\Scripting</Filter>
    </ClInclude>
    <ClInclude Include="src\hzrpch.h">
      <Filter>src</Filter>
    </ClInclude>
    <ClInclude Include="vendor\VulkanMemoryAllocator\vk_mem_alloc.h">
      <Filter>vendor\VulkanMemoryAllocator</Filter>
    </ClInclude>
    <ClInclude Include="vendor\glm\glm\common.hpp">
      <Filter>vendor\glm\glm</Filter>
    </ClInclude>
    <ClInclude Include="vendor\glm\glm\detail\_features.hpp">
      <Filter>vendor\glm\glm\detail</Filter>
    </ClInclude>
    <ClInclude Include="vendor\glm\glm\detail\_fixes.hpp">
      <Filter>vendor\glm\glm\detail</Filter>
    </ClInclude>
    <ClInclude Include="vendor\glm\glm\detail\_noise.hpp">
      <Filter>vendor\glm\glm\detail</Filter>
    </ClInclude>
    <ClInclude Include="vendor\glm\glm\detail\_swizzle.hpp">
      <Filter>vendor\glm\glm\detail</Filter>
    </ClInclude>
    <ClInclude Include="vendor\glm\glm\detail\_swizzle_func.hpp">
      <Filter>vendor\glm\glm\detail</Filter>
    </ClInclude>
    <ClInclude Include="vendor\glm\glm\detail\_vectorize.hpp">
      <Filter>vendor\glm\glm\detail</Filter>
    </ClInclude>
    <ClInclude Include="vendor\glm\glm\detail\compute_common.hpp">
      <Filter>vendor\glm\glm\detail</Filter>
    </ClInclude>
    <ClInclude Include="vendor\glm\glm\detail\compute_vector_relational.hpp">
      <Filter>vendor\glm\glm\detail</Filter>
    </ClInclude>
    <ClInclude Include="vendor\glm\glm\detail\func_common.inl">
      <Filter>vendor\glm\glm\detail</Filter>
    </ClInclude>
    <ClInclude Include="vendor\glm\glm\detail\func_common_simd.inl">
      <Filter>vendor\glm\glm\detail</Filter>
    </ClInclude>
    <ClInclude Include="vendor\glm\glm\detail\func_exponential.inl">
      <Filter>vendor\glm\glm\detail</Filter>
    </ClInclude>
    <ClInclude Include="vendor\glm\glm\detail\func_exponential_simd.inl">
      <Filter>vendor\glm\glm\detail</Filter>
    </ClInclude>
    <ClInclude Include="vendor\glm\glm\detail\func_geometric.inl">
      <Filter>vendor\glm\glm\detail</Filter>
    </ClInclude>
    <ClInclude Include="vendor\glm\glm\detail\func_geometric_simd.inl">
      <Filter>vendor\glm\glm\detail</Filter>
    </ClInclude>
    <ClInclude Include="vendor\glm\glm\detail\func_integer.inl">
      <Filter>vendor\glm\glm\detail</Filter>
    </ClInclude>
    <ClInclude Include="vendor\glm\glm\detail\func_integer_simd.inl">
      <Filter>vendor\glm\glm\detail</Filter>
    </ClInclude>
    <ClInclude Include="vendor\glm\glm\detail\func_matrix.inl">
      <Filter>vendor\glm\glm\detail</Filter>
    </ClInclude>
    <ClInclude Include="vendor\glm\glm\detail\func_matrix_simd.inl">
      <Filter>vendor\glm\glm\detail</Filter>
    </ClInclude>
    <ClInclude Include="vendor\glm\glm\detail\func_packing.inl">
      <Filter>vendor\glm\glm\detail</Filter>
    </ClInclude>
    <ClInclude Include="vendor\glm\glm\detail\func_packing_simd.inl">
      <Filter>vendor\glm\glm\detail</Filter>
    </ClInclude>
    <ClInclude Include="vendor\glm\glm\detail\func_trigonometric.inl">
      <Filter>vendor\glm\glm\detail</Filter>
    </ClInclude>
    <ClInclude Include="vendor\glm\glm\detail\func_trigonometric_simd.inl">
      <Filter>vendor\glm\glm\detail</Filter>
    </ClInclude>
    <ClInclude Include="vendor\glm\glm\detail\func_vector_relational.inl">
      <Filter>vendor\glm\glm\detail</Filter>
    </ClInclude>
    <ClInclude Include="vendor\glm\glm\detail\func_vector_relational_simd.inl">
      <Filter>vendor\glm\glm\detail</Filter>
    </ClInclude>
    <ClInclude Include="vendor\glm\glm\detail\qualifier.hpp">
      <Filter>vendor\glm\glm\detail</Filter>
    </ClInclude>
    <ClInclude Include="vendor\glm\glm\detail\setup.hpp">
      <Filter>vendor\glm\glm\detail</Filter>
    </ClInclude>
    <ClInclude Include="vendor\glm\glm\detail\type_float.hpp">
      <Filter>vendor\glm\glm\detail</Filter>
    </ClInclude>
    <ClInclude Include="vendor\glm\glm\detail\type_half.hpp">
      <Filter>vendor\glm\glm\detail</Filter>
    </ClInclude>
    <ClInclude Include="vendor\glm\glm\detail\type_half.inl">
      <Filter>vendor\glm\glm\detail</Filter>
    </ClInclude>
    <ClInclude Include="vendor\glm\glm\detail\type_mat2x2.hpp">
      <Filter>vendor\glm\glm\detail</Filter>
    </ClInclude>
    <ClInclude Include="vendor\glm\glm\detail\type_mat2x2.inl">
      <Filter>vendor\glm\glm\detail</Filter>
    </ClInclude>
    <ClInclude Include="vendor\glm\glm\detail\type_mat2x3.hpp">
      <Filter>vendor\glm\glm\detail</Filter>
    </ClInclude>
    <ClInclude Include="vendor\glm\glm\detail\type_mat2x3.inl">
      <Filter>vendor\glm\glm\detail</Filter>
    </ClInclude>
    <ClInclude Include="vendor\glm\glm\detail\type_mat2x4.hpp">
      <Filter>vendor\glm\glm\detail</Filter>
    </ClInclude>
    <ClInclude Include="vendor\glm\glm\detail\type_mat2x4.inl">
      <Filter>vendor\glm\glm\detail</Filter>
    </ClInclude>
    <ClInclude Include="vendor\glm\glm\detail\type_mat3x2.hpp">
      <Filter>vendor\glm\glm\detail</Filter>
    </ClInclude>
    <ClInclude Include="vendor\glm\glm\detail\type_mat3x2.inl">
      <Filter>vendor\glm\glm\detail</Filter>
    </ClInclude>
    <ClInclude Include="vendor\glm\glm\detail\type_mat3x3.hpp">
      <Filter>vendor\glm\glm\detail</Filter>
    </ClInclude>
    <ClInclude Include="vendor\glm\glm\detail\type_mat3x3.inl">
      <Filter>vendor\glm\glm\detail</Filter>
    </ClInclude>
    <ClInclude Include="vendor\glm\glm\detail\type_mat3x4.hpp">
      <Filter>vendor\glm\glm\detail</Filter>
    </ClInclude>
    <ClInclude Include="vendor\glm\glm\detail\type_mat3x4.inl">
      <Filter>vendor\glm\glm\detail</Filter>
    </ClInclude>
    <ClInclude Include="vendor\glm\glm\detail\type_mat4x2.hpp">
      <Filter>vendor\glm\glm\detail</Filter>
    </ClInclude>
    <ClInclude Include="vendor\glm\glm\detail\type_mat4x2.inl">
      <Filter>vendor\glm\glm\detail</Filter>
    </ClInclude>
    <ClInclude Include="vendor\glm\glm\detail\type_mat4x3.hpp">
      <Filter>vendor\glm\glm\detail</Filter>
    </ClInclude>
    <ClInclude Include="vendor\glm\glm\detail\type_mat4x3.inl">
      <Filter>vendor\glm\glm\detail</Filter>
    </ClInclude>
    <ClInclude Include="vendor\glm\glm\detail\type_mat4x4.hpp">
      <Filter>vendor\glm\glm\detail</Filter>
    </ClInclude>
    <ClInclude Include="vendor\glm\glm\detail\type_mat4x4.inl">
      <Filter>vendor\glm\glm\detail</Filter>
    </ClInclude>
    <ClInclude Include="vendor\glm\glm\detail\type_mat4x4_simd.inl">
      <Filter>vendor\glm\glm\detail</Filter>
    </ClInclude>
    <ClInclude Include="vendor\glm\glm\detail\type_quat.hpp">
      <Filter>vendor\glm\glm\detail</Filter>
    </ClInclude>
    <ClInclude Include="vendor\glm\glm\detail\type_quat.inl">
      <Filter>vendor\glm\glm\detail</Filter>
    </ClInclude>
    <ClInclude Include="vendor\glm\glm\detail\type_quat_simd.inl">
      <Filter>vendor\glm\glm\detail</Filter>
    </ClInclude>
    <ClInclude Include="vendor\glm\glm\detail\type_vec1.hpp">
      <Filter>vendor\glm\glm\detail</Filter>
    </ClInclude>
    <ClInclude Include="vendor\glm\glm\detail\type_vec1.inl">
      <Filter>vendor\glm\glm\detail</Filter>
    </ClInclude>
    <ClInclude Include="vendor\glm\glm\detail\type_vec2.hpp">
      <Filter>vendor\glm\glm\detail</Filter>
    </ClInclude>
    <ClInclude Include="vendor\glm\glm\detail\type_vec2.inl">
      <Filter>vendor\glm\glm\detail</Filter>
    </ClInclude>
    <ClInclude Include="vendor\glm\glm\detail\type_vec3.hpp">
      <Filter>vendor\glm\glm\detail</Filter>
    </ClInclude>
    <ClInclude Include="vendor\glm\glm\detail\type_vec3.inl">
      <Filter>vendor\glm\glm\detail</Filter>
    </ClInclude>
    <ClInclude Include="vendor\glm\glm\detail\type_vec4.hpp">
      <Filter>vendor\glm\glm\detail</Filter>
    </ClInclude>
    <ClInclude Include="vendor\glm\glm\detail\type_vec4.inl">
      <Filter>vendor\glm\glm\detail</Filter>
    </ClInclude>
    <ClInclude Include="vendor\glm\glm\detail\type_vec4_simd.inl">
      <Filter>vendor\glm\glm\detail</Filter>
    </ClInclude>
    <ClInclude Include="vendor\glm\glm\exponential.hpp">
      <Filter>vendor\glm\glm</Filter>
    </ClInclude>
    <ClInclude Include="vendor\glm\glm\ext.hpp">
      <Filter>vendor\glm\glm</Filter>
    </ClInclude>
    <ClInclude Include="vendor\glm\glm\ext\matrix_clip_space.hpp">
      <Filter>vendor\glm\glm\ext</Filter>
    </ClInclude>
    <ClInclude Include="vendor\glm\glm\ext\matrix_clip_space.inl">
      <Filter>vendor\glm\glm\ext</Filter>
    </ClInclude>
    <ClInclude Include="vendor\glm\glm\ext\matrix_common.hpp">
      <Filter>vendor\glm\glm\ext</Filter>
    </ClInclude>
    <ClInclude Include="vendor\glm\glm\ext\matrix_common.inl">
      <Filter>vendor\glm\glm\ext</Filter>
    </ClInclude>
    <ClInclude Include="vendor\glm\glm\ext\matrix_double2x2.hpp">
      <Filter>vendor\glm\glm\ext</Filter>
    </ClInclude>
    <ClInclude Include="vendor\glm\glm\ext\matrix_double2x2_precision.hpp">
      <Filter>vendor\glm\glm\ext</Filter>
    </ClInclude>
    <ClInclude Include="vendor\glm\glm\ext\matrix_double2x3.hpp">
      <Filter>vendor\glm\glm\ext</Filter>
    </ClInclude>
    <ClInclude Include="vendor\glm\glm\ext\matrix_double2x3_precision.hpp">
      <Filter>vendor\glm\glm\ext</Filter>
    </ClInclude>
    <ClInclude Include="vendor\glm\glm\ext\matrix_double2x4.hpp">
      <Filter>vendor\glm\glm\ext</Filter>
    </ClInclude>
    <ClInclude Include="vendor\glm\glm\ext\matrix_double2x4_precision.hpp">
      <Filter>vendor\glm\glm\ext</Filter>
    </ClInclude>
    <ClInclude Include="vendor\glm\glm\ext\matrix_double3x2.hpp">
      <Filter>vendor\glm\glm\ext</Filter>
    </ClInclude>
    <ClInclude Include="vendor\glm\glm\ext\matrix_double3x2_precision.hpp">
      <Filter>vendor\glm\glm\ext</Filter>
    </ClInclude>
    <ClInclude Include="vendor\glm\glm\ext\matrix_double3x3.hpp">
      <Filter>vendor\glm\glm\ext</Filter>
    </ClInclude>
    <ClInclude Include="vendor\glm\glm\ext\matrix_double3x3_precision.hpp">
      <Filter>vendor\glm\glm\ext</Filter>
    </ClInclude>
    <ClInclude Include="vendor\glm\glm\ext\matrix_double3x4.hpp">
      <Filter>vendor\glm\glm\ext</Filter>
    </ClInclude>
    <ClInclude Include="vendor\glm\glm\ext\matrix_double3x4_precision.hpp">
      <Filter>vendor\glm\glm\ext</Filter>
    </ClInclude>
    <ClInclude Include="vendor\glm\glm\ext\matrix_double4x2.hpp">
      <Filter>vendor\glm\glm\ext</Filter>
    </ClInclude>
    <ClInclude Include="vendor\glm\glm\ext\matrix_double4x2_precision.hpp">
      <Filter>vendor\glm\glm\ext</Filter>
    </ClInclude>
    <ClInclude Include="vendor\glm\glm\ext\matrix_double4x3.hpp">
      <Filter>vendor\glm\glm\ext</Filter>
    </ClInclude>
    <ClInclude Include="vendor\glm\glm\ext\matrix_double4x3_precision.hpp">
      <Filter>vendor\glm\glm\ext</Filter>
    </ClInclude>
    <ClInclude Include="vendor\glm\glm\ext\matrix_double4x4.hpp">
      <Filter>vendor\glm\glm\ext</Filter>
    </ClInclude>
    <ClInclude Include="vendor\glm\glm\ext\matrix_double4x4_precision.hpp">
      <Filter>vendor\glm\glm\ext</Filter>
    </ClInclude>
    <ClInclude Include="vendor\glm\glm\ext\matrix_float2x2.hpp">
      <Filter>vendor\glm\glm\ext</Filter>
    </ClInclude>
    <ClInclude Include="vendor\glm\glm\ext\matrix_float2x2_precision.hpp">
      <Filter>vendor\glm\glm\ext</Filter>
    </ClInclude>
    <ClInclude Include="vendor\glm\glm\ext\matrix_float2x3.hpp">
      <Filter>vendor\glm\glm\ext</Filter>
    </ClInclude>
    <ClInclude Include="vendor\glm\glm\ext\matrix_float2x3_precision.hpp">
      <Filter>vendor\glm\glm\ext</Filter>
    </ClInclude>
    <ClInclude Include="vendor\glm\glm\ext\matrix_float2x4.hpp">
      <Filter>vendor\glm\glm\ext</Filter>
    </ClInclude>
    <ClInclude Include="vendor\glm\glm\ext\matrix_float2x4_precision.hpp">
      <Filter>vendor\glm\glm\ext</Filter>
    </ClInclude>
    <ClInclude Include="vendor\glm\glm\ext\matrix_float3x2.hpp">
      <Filter>vendor\glm\glm\ext</Filter>
    </ClInclude>
    <ClInclude Include="vendor\glm\glm\ext\matrix_float3x2_precision.hpp">
      <Filter>vendor\glm\glm\ext</Filter>
    </ClInclude>
    <ClInclude Include="vendor\glm\glm\ext\matrix_float3x3.hpp">
      <Filter>vendor\glm\glm\ext</Filter>
    </ClInclude>
    <ClInclude Include="vendor\glm\glm\ext\matrix_float3x3_precision.hpp">
      <Filter>vendor\glm\glm\ext</Filter>
    </ClInclude>
    <ClInclude Include="vendor\glm\glm\ext\matrix_float3x4.hpp">
      <Filter>vendor\glm\glm\ext</Filter>
    </ClInclude>
    <ClInclude Include="vendor\glm\glm\ext\matrix_float3x4_precision.hpp">
      <Filter>vendor\glm\glm\ext</Filter>
    </ClInclude>
    <ClInclude Include="vendor\glm\glm\ext\matrix_float4x2.hpp">
      <Filter>vendor\glm\glm\ext</Filter>
    </ClInclude>
    <ClInclude Include="vendor\glm\glm\ext\matrix_float4x2_precision.hpp">
      <Filter>vendor\glm\glm\ext</Filter>
    </ClInclude>
    <ClInclude Include="vendor\glm\glm\ext\matrix_float4x3.hpp">
      <Filter>vendor\glm\glm\ext</Filter>
    </ClInclude>
    <ClInclude Include="vendor\glm\glm\ext\matrix_float4x3_precision.hpp">
      <Filter>vendor\glm\glm\ext</Filter>
    </ClInclude>
    <ClInclude Include="vendor\glm\glm\ext\matrix_float4x4.hpp">
      <Filter>vendor\glm\glm\ext</Filter>
    </ClInclude>
    <ClInclude Include="vendor\glm\glm\ext\matrix_float4x4_precision.hpp">
      <Filter>vendor\glm\glm\ext</Filter>
    </ClInclude>
    <ClInclude Include="vendor\glm\glm\ext\matrix_int2x2.hpp">
      <Filter>vendor\glm\glm\ext</Filter>
    </ClInclude>
    <ClInclude Include="vendor\glm\glm\ext\matrix_int2x2_sized.hpp">
      <Filter>vendor\glm\glm\ext</Filter>
    </ClInclude>
    <ClInclude Include="vendor\glm\glm\ext\matrix_int2x3.hpp">
      <Filter>vendor\glm\glm\ext</Filter>
    </ClInclude>
    <ClInclude Include="vendor\glm\glm\ext\matrix_int2x3_sized.hpp">
      <Filter>vendor\glm\glm\ext</Filter>
    </ClInclude>
    <ClInclude Include="vendor\glm\glm\ext\matrix_int2x4.hpp">
      <Filter>vendor\glm\glm\ext</Filter>
    </ClInclude>
    <ClInclude Include="vendor\glm\glm\ext\matrix_int2x4_sized.hpp">
      <Filter>vendor\glm\glm\ext</Filter>
    </ClInclude>
    <ClInclude Include="vendor\glm\glm\ext\matrix_int3x2.hpp">
      <Filter>vendor\glm\glm\ext</Filter>
    </ClInclude>
    <ClInclude Include="vendor\glm\glm\ext\matrix_int3x2_sized.hpp">
      <Filter>vendor\glm\glm\ext</Filter>
    </ClInclude>
    <ClInclude Include="vendor\glm\glm\ext\matrix_int3x3.hpp">
      <Filter>vendor\glm\glm\ext</Filter>
    </ClInclude>
    <ClInclude Include="vendor\glm\glm\ext\matrix_int3x3_sized.hpp">
      <Filter>vendor\glm\glm\ext</Filter>
    </ClInclude>
    <ClInclude Include="vendor\glm\glm\ext\matrix_int3x4.hpp">
      <Filter>vendor\glm\glm\ext</Filter>
    </ClInclude>
    <ClInclude Include="vendor\glm\glm\ext\matrix_int3x4_sized.hpp">
      <Filter>vendor\glm\glm\ext</Filter>
    </ClInclude>
    <ClInclude Include="vendor\glm\glm\ext\matrix_int4x2.hpp">
      <Filter>vendor\glm\glm\ext</Filter>
    </ClInclude>
    <ClInclude Include="vendor\glm\glm\ext\matrix_int4x2_sized.hpp">
      <Filter>vendor\glm\glm\ext</Filter>
    </ClInclude>
    <ClInclude Include="vendor\glm\glm\ext\matrix_int4x3.hpp">
      <Filter>vendor\glm\glm\ext</Filter>
    </ClInclude>
    <ClInclude Include="vendor\glm\glm\ext\matrix_int4x3_sized.hpp">
      <Filter>vendor\glm\glm\ext</Filter>
    </ClInclude>
    <ClInclude Include="vendor\glm\glm\ext\matrix_int4x4.hpp">
      <Filter>vendor\glm\glm\ext</Filter>
    </ClInclude>
    <ClInclude Include="vendor\glm\glm\ext\matrix_int4x4_sized.hpp">
      <Filter>vendor\glm\glm\ext</Filter>
    </ClInclude>
    <ClInclude Include="vendor\glm\glm\ext\matrix_integer.hpp">
      <Filter>vendor\glm\glm\ext</Filter>
    </ClInclude>
    <ClInclude Include="vendor\glm\glm\ext\matrix_integer.inl">
      <Filter>vendor\glm\glm\ext</Filter>
    </ClInclude>
    <ClInclude Include="vendor\glm\glm\ext\matrix_projection.hpp">
      <Filter>vendor\glm\glm\ext</Filter>
    </ClInclude>
    <ClInclude Include="vendor\glm\glm\ext\matrix_projection.inl">
      <Filter>vendor\glm\glm\ext</Filter>
    </ClInclude>
    <ClInclude Include="vendor\glm\glm\ext\matrix_relational.hpp">
      <Filter>vendor\glm\glm\ext</Filter>
    </ClInclude>
    <ClInclude Include="vendor\glm\glm\ext\matrix_relational.inl">
      <Filter>vendor\glm\glm\ext</Filter>
    </ClInclude>
    <ClInclude Include="vendor\glm\glm\ext\matrix_transform.hpp">
      <Filter>vendor\glm\glm\ext</Filter>
    </ClInclude>
    <ClInclude Include="vendor\glm\glm\ext\matrix_transform.inl">
      <Filter>vendor\glm\glm\ext</Filter>
    </ClInclude>
    <ClInclude Include="vendor\glm\glm\ext\matrix_uint2x2.hpp">
      <Filter>vendor\glm\glm\ext</Filter>
    </ClInclude>
    <ClInclude Include="vendor\glm\glm\ext\matrix_uint2x2_sized.hpp">
      <Filter>vendor\glm\glm\ext</Filter>
    </ClInclude>
    <ClInclude Include="vendor\glm\glm\ext\matrix_uint2x3.hpp">
      <Filter>vendor\glm\glm\ext</Filter>
    </ClInclude>
    <ClInclude Include="vendor\glm\glm\ext\matrix_uint2x3_sized.hpp">
      <Filter>vendor\glm\glm\ext</Filter>
    </ClInclude>
    <ClInclude Include="vendor\glm\glm\ext\matrix_uint2x4.hpp">
      <Filter>vendor\glm\glm\ext</Filter>
    </ClInclude>
    <ClInclude Include="vendor\glm\glm\ext\matrix_uint2x4_sized.hpp">
      <Filter>vendor\glm\glm\ext</Filter>
    </ClInclude>
    <ClInclude Include="vendor\glm\glm\ext\matrix_uint3x2.hpp">
      <Filter>vendor\glm\glm\ext</Filter>
    </ClInclude>
    <ClInclude Include="vendor\glm\glm\ext\matrix_uint3x2_sized.hpp">
      <Filter>vendor\glm\glm\ext</Filter>
    </ClInclude>
    <ClInclude Include="vendor\glm\glm\ext\matrix_uint3x3.hpp">
      <Filter>vendor\glm\glm\ext</Filter>
    </ClInclude>
    <ClInclude Include="vendor\glm\glm\ext\matrix_uint3x3_sized.hpp">
      <Filter>vendor\glm\glm\ext</Filter>
    </ClInclude>
    <ClInclude Include="vendor\glm\glm\ext\matrix_uint3x4.hpp">
      <Filter>vendor\glm\glm\ext</Filter>
    </ClInclude>
    <ClInclude Include="vendor\glm\glm\ext\matrix_uint3x4_sized.hpp">
      <Filter>vendor\glm\glm\ext</Filter>
    </ClInclude>
    <ClInclude Include="vendor\glm\glm\ext\matrix_uint4x2.hpp">
      <Filter>vendor\glm\glm\ext</Filter>
    </ClInclude>
    <ClInclude Include="vendor\glm\glm\ext\matrix_uint4x2_sized.hpp">
      <Filter>vendor\glm\glm\ext</Filter>
    </ClInclude>
    <ClInclude Include="vendor\glm\glm\ext\matrix_uint4x3.hpp">
      <Filter>vendor\glm\glm\ext</Filter>
    </ClInclude>
    <ClInclude Include="vendor\glm\glm\ext\matrix_uint4x3_sized.hpp">
      <Filter>vendor\glm\glm\ext</Filter>
    </ClInclude>
    <ClInclude Include="vendor\glm\glm\ext\matrix_uint4x4.hpp">
      <Filter>vendor\glm\glm\ext</Filter>
    </ClInclude>
    <ClInclude Include="vendor\glm\glm\ext\matrix_uint4x4_sized.hpp">
      <Filter>vendor\glm\glm\ext</Filter>
    </ClInclude>
    <ClInclude Include="vendor\glm\glm\ext\quaternion_common.hpp">
      <Filter>vendor\glm\glm\ext</Filter>
    </ClInclude>
    <ClInclude Include="vendor\glm\glm\ext\quaternion_common.inl">
      <Filter>vendor\glm\glm\ext</Filter>
    </ClInclude>
    <ClInclude Include="vendor\glm\glm\ext\quaternion_common_simd.inl">
      <Filter>vendor\glm\glm\ext</Filter>
    </ClInclude>
    <ClInclude Include="vendor\glm\glm\ext\quaternion_double.hpp">
      <Filter>vendor\glm\glm\ext</Filter>
    </ClInclude>
    <ClInclude Include="vendor\glm\glm\ext\quaternion_double_precision.hpp">
      <Filter>vendor\glm\glm\ext</Filter>
    </ClInclude>
    <ClInclude Include="vendor\glm\glm\ext\quaternion_exponential.hpp">
      <Filter>vendor\glm\glm\ext</Filter>
    </ClInclude>
    <ClInclude Include="vendor\glm\glm\ext\quaternion_exponential.inl">
      <Filter>vendor\glm\glm\ext</Filter>
    </ClInclude>
    <ClInclude Include="vendor\glm\glm\ext\quaternion_float.hpp">
      <Filter>vendor\glm\glm\ext</Filter>
    </ClInclude>
    <ClInclude Include="vendor\glm\glm\ext\quaternion_float_precision.hpp">
      <Filter>vendor\glm\glm\ext</Filter>
    </ClInclude>
    <ClInclude Include="vendor\glm\glm\ext\quaternion_geometric.hpp">
      <Filter>vendor\glm\glm\ext</Filter>
    </ClInclude>
    <ClInclude Include="vendor\glm\glm\ext\quaternion_geometric.inl">
      <Filter>vendor\glm\glm\ext</Filter>
    </ClInclude>
    <ClInclude Include="vendor\glm\glm\ext\quaternion_relational.hpp">
      <Filter>vendor\glm\glm\ext</Filter>
    </ClInclude>
    <ClInclude Include="vendor\glm\glm\ext\quaternion_relational.inl">
      <Filter>vendor\glm\glm\ext</Filter>
    </ClInclude>
    <ClInclude Include="vendor\glm\glm\ext\quaternion_transform.hpp">
      <Filter>vendor\glm\glm\ext</Filter>
    </ClInclude>
    <ClInclude Include="vendor\glm\glm\ext\quaternion_transform.inl">
      <Filter>vendor\glm\glm\ext</Filter>
    </ClInclude>
    <ClInclude Include="vendor\glm\glm\ext\quaternion_trigonometric.hpp">
      <Filter>vendor\glm\glm\ext</Filter>
    </ClInclude>
    <ClInclude Include="vendor\glm\glm\ext\quaternion_trigonometric.inl">
      <Filter>vendor\glm\glm\ext</Filter>
    </ClInclude>
    <ClInclude Include="vendor\glm\glm\ext\scalar_common.hpp">
      <Filter>vendor\glm\glm\ext</Filter>
    </ClInclude>
    <ClInclude Include="vendor\glm\glm\ext\scalar_common.inl">
      <Filter>vendor\glm\glm\ext</Filter>
    </ClInclude>
    <ClInclude Include="vendor\glm\glm\ext\scalar_constants.hpp">
      <Filter>vendor\glm\glm\ext</Filter>
    </ClInclude>
    <ClInclude Include="vendor\glm\glm\ext\scalar_constants.inl">
      <Filter>vendor\glm\glm\ext</Filter>
    </ClInclude>
    <ClInclude Include="vendor\glm\glm\ext\scalar_int_sized.hpp">
      <Filter>vendor\glm\glm\ext</Filter>
    </ClInclude>
    <ClInclude Include="vendor\glm\glm\ext\scalar_integer.hpp">
      <Filter>vendor\glm\glm\ext</Filter>
    </ClInclude>
    <ClInclude Include="vendor\glm\glm\ext\scalar_integer.inl">
      <Filter>vendor\glm\glm\ext</Filter>
    </ClInclude>
    <ClInclude Include="vendor\glm\glm\ext\scalar_packing.hpp">
      <Filter>vendor\glm\glm\ext</Filter>
    </ClInclude>
    <ClInclude Include="vendor\glm\glm\ext\scalar_packing.inl">
      <Filter>vendor\glm\glm\ext</Filter>
    </ClInclude>
    <ClInclude Include="vendor\glm\glm\ext\scalar_reciprocal.hpp">
      <Filter>vendor\glm\glm\ext</Filter>
    </ClInclude>
    <ClInclude Include="vendor\glm\glm\ext\scalar_reciprocal.inl">
      <Filter>vendor\glm\glm\ext</Filter>
    </ClInclude>
    <ClInclude Include="vendor\glm\glm\ext\scalar_relational.hpp">
      <Filter>vendor\glm\glm\ext</Filter>
    </ClInclude>
    <ClInclude Include="vendor\glm\glm\ext\scalar_relational.inl">
      <Filter>vendor\glm\glm\ext</Filter>
    </ClInclude>
    <ClInclude Include="vendor\glm\glm\ext\scalar_uint_sized.hpp">
      <Filter>vendor\glm\glm\ext</Filter>
    </ClInclude>
    <ClInclude Include="vendor\glm\glm\ext\scalar_ulp.hpp">
      <Filter>vendor\glm\glm\ext</Filter>
    </ClInclude>
    <ClInclude Include="vendor\glm\glm\ext\scalar_ulp.inl">
      <Filter>vendor\glm\glm\ext</Filter>
    </ClInclude>
    <ClInclude Include="vendor\glm\glm\ext\vector_bool1.hpp">
      <Filter>vendor\glm\glm\ext</Filter>
    </ClInclude>
    <ClInclude Include="vendor\glm\glm\ext\vector_bool1_precision.hpp">
      <Filter>vendor\glm\glm\ext</Filter>
    </ClInclude>
    <ClInclude Include="vendor\glm\glm\ext\vector_bool2.hpp">
      <Filter>vendor\glm\glm\ext</Filter>
    </ClInclude>
    <ClInclude Include="vendor\glm\glm\ext\vector_bool2_precision.hpp">
      <Filter>vendor\glm\glm\ext</Filter>
    </ClInclude>
    <ClInclude Include="vendor\glm\glm\ext\vector_bool3.hpp">
      <Filter>vendor\glm\glm\ext</Filter>
    </ClInclude>
    <ClInclude Include="vendor\glm\glm\ext\vector_bool3_precision.hpp">
      <Filter>vendor\glm\glm\ext</Filter>
    </ClInclude>
    <ClInclude Include="vendor\glm\glm\ext\vector_bool4.hpp">
      <Filter>vendor\glm\glm\ext</Filter>
    </ClInclude>
    <ClInclude Include="vendor\glm\glm\ext\vector_bool4_precision.hpp">
      <Filter>vendor\glm\glm\ext</Filter>
    </ClInclude>
    <ClInclude Include="vendor\glm\glm\ext\vector_common.hpp">
      <Filter>vendor\glm\glm\ext</Filter>
    </ClInclude>
    <ClInclude Include="vendor\glm\glm\ext\vector_common.inl">
      <Filter>vendor\glm\glm\ext</Filter>
    </ClInclude>
    <ClInclude Include="vendor\glm\glm\ext\vector_double1.hpp">
      <Filter>vendor\glm\glm\ext</Filter>
    </ClInclude>
    <ClInclude Include="vendor\glm\glm\ext\vector_double1_precision.hpp">
      <Filter>vendor\glm\glm\ext</Filter>
    </ClInclude>
    <ClInclude Include="vendor\glm\glm\ext\vector_double2.hpp">
      <Filter>vendor\glm\glm\ext</Filter>
    </ClInclude>
    <ClInclude Include="vendor\glm\glm\ext\vector_double2_precision.hpp">
      <Filter>vendor\glm\glm\ext</Filter>
    </ClInclude>
    <ClInclude Include="vendor\glm\glm\ext\vector_double3.hpp">
      <Filter>vendor\glm\glm\ext</Filter>
    </ClInclude>
    <ClInclude Include="vendor\glm\glm\ext\vector_double3_precision.hpp">
      <Filter>vendor\glm\glm\ext</Filter>
    </ClInclude>
    <ClInclude Include="vendor\glm\glm\ext\vector_double4.hpp">
      <Filter>vendor\glm\glm\ext</Filter>
    </ClInclude>
    <ClInclude Include="vendor\glm\glm\ext\vector_double4_precision.hpp">
      <Filter>vendor\glm\glm\ext</Filter>
    </ClInclude>
    <ClInclude Include="vendor\glm\glm\ext\vector_float1.hpp">
      <Filter>vendor\glm\glm\ext</Filter>
    </ClInclude>
    <ClInclude Include="vendor\glm\glm\ext\vector_float1_precision.hpp">
      <Filter>vendor\glm\glm\ext</Filter>
    </ClInclude>
    <ClInclude Include="vendor\glm\glm\ext\vector_float2.hpp">
      <Filter>vendor\glm\glm\ext</Filter>
    </ClInclude>
    <ClInclude Include="vendor\glm\glm\ext\vector_float2_precision.hpp">
      <Filter>vendor\glm\glm\ext</Filter>
    </ClInclude>
    <ClInclude Include="vendor\glm\glm\ext\vector_float3.hpp">
      <Filter>vendor\glm\glm\ext</Filter>
    </ClInclude>
    <ClInclude Include="vendor\glm\glm\ext\vector_float3_precision.hpp">
      <Filter>vendor\glm\glm\ext</Filter>
    </ClInclude>
    <ClInclude Include="vendor\glm\glm\ext\vector_float4.hpp">
      <Filter>vendor\glm\glm\ext</Filter>
    </ClInclude>
    <ClInclude Include="vendor\glm\glm\ext\vector_float4_precision.hpp">
      <Filter>vendor\glm\glm\ext</Filter>
    </ClInclude>
    <ClInclude Include="vendor\glm\glm\ext\vector_int1.hpp">
      <Filter>vendor\glm\glm\ext</Filter>
    </ClInclude>
    <ClInclude Include="vendor\glm\glm\ext\vector_int1_sized.hpp">
      <Filter>vendor\glm\glm\ext</Filter>
    </ClInclude>
    <ClInclude Include="vendor\glm\glm\ext\vector_int2.hpp">
      <Filter>vendor\glm\glm\ext</Filter>
    </ClInclude>
    <ClInclude Include="vendor\glm\glm\ext\vector_int2_sized.hpp">
      <Filter>vendor\glm\glm\ext</Filter>
    </ClInclude>
    <ClInclude Include="vendor\glm\glm\ext\vector_int3.hpp">
      <Filter>vendor\glm\glm\ext</Filter>
    </ClInclude>
    <ClInclude Include="vendor\glm\glm\ext\vector_int3_sized.hpp">
      <Filter>vendor\glm\glm\ext</Filter>
    </ClInclude>
    <ClInclude Include="vendor\glm\glm\ext\vector_int4.hpp">
      <Filter>vendor\glm\glm\ext</Filter>
    </ClInclude>
    <ClInclude Include="vendor\glm\glm\ext\vector_int4_sized.hpp">
      <Filter>vendor\glm\glm\ext</Filter>
    </ClInclude>
    <ClInclude Include="vendor\glm\glm\ext\vector_integer.hpp">
      <Filter>vendor\glm\glm\ext</Filter>
    </ClInclude>
    <ClInclude Include="vendor\glm\glm\ext\vector_integer.inl">
      <Filter>vendor\glm\glm\ext</Filter>
    </ClInclude>
    <ClInclude Include="vendor\glm\glm\ext\vector_packing.hpp">
      <Filter>vendor\glm\glm\ext</Filter>
    </ClInclude>
    <ClInclude Include="vendor\glm\glm\ext\vector_packing.inl">
      <Filter>vendor\glm\glm\ext</Filter>
    </ClInclude>
    <ClInclude Include="vendor\glm\glm\ext\vector_reciprocal.hpp">
      <Filter>vendor\glm\glm\ext</Filter>
    </ClInclude>
    <ClInclude Include="vendor\glm\glm\ext\vector_reciprocal.inl">
      <Filter>vendor\glm\glm\ext</Filter>
    </ClInclude>
    <ClInclude Include="vendor\glm\glm\ext\vector_relational.hpp">
      <Filter>vendor\glm\glm\ext</Filter>
    </ClInclude>
    <ClInclude Include="vendor\glm\glm\ext\vector_relational.inl">
      <Filter>vendor\glm\glm\ext</Filter>
    </ClInclude>
    <ClInclude Include="vendor\glm\glm\ext\vector_uint1.hpp">
      <Filter>vendor\glm\glm\ext</Filter>
    </ClInclude>
    <ClInclude Include="vendor\glm\glm\ext\vector_uint1_sized.hpp">
      <Filter>vendor\glm\glm\ext</Filter>
    </ClInclude>
    <ClInclude Include="vendor\glm\glm\ext\vector_uint2.hpp">
      <Filter>vendor\glm\glm\ext</Filter>
    </ClInclude>
    <ClInclude Include="vendor\glm\glm\ext\vector_uint2_sized.hpp">
      <Filter>vendor\glm\glm\ext</Filter>
    </ClInclude>
    <ClInclude Include="vendor\glm\glm\ext\vector_uint3.hpp">
      <Filter>vendor\glm\glm\ext</Filter>
    </ClInclude>
    <ClInclude Include="vendor\glm\glm\ext\vector_uint3_sized.hpp">
      <Filter>vendor\glm\glm\ext</Filter>
    </ClInclude>
    <ClInclude Include="vendor\glm\glm\ext\vector_uint4.hpp">
      <Filter>vendor\glm\glm\ext</Filter>
    </ClInclude>
    <ClInclude Include="vendor\glm\glm\ext\vector_uint4_sized.hpp">
      <Filter>vendor\glm\glm\ext</Filter>
    </ClInclude>
    <ClInclude Include="vendor\glm\glm\ext\vector_ulp.hpp">
      <Filter>vendor\glm\glm\ext</Filter>
    </ClInclude>
    <ClInclude Include="vendor\glm\glm\ext\vector_ulp.inl">
      <Filter>vendor\glm\glm\ext</Filter>
    </ClInclude>
    <ClInclude Include="vendor\glm\glm\fwd.hpp">
      <Filter>vendor\glm\glm</Filter>
    </ClInclude>
    <ClInclude Include="vendor\glm\glm\geometric.hpp">
      <Filter>vendor\glm\glm</Filter>
    </ClInclude>
    <ClInclude Include="vendor\glm\glm\glm.hpp">
      <Filter>vendor\glm\glm</Filter>
    </ClInclude>
    <ClInclude Include="vendor\glm\glm\gtc\bitfield.hpp">
      <Filter>vendor\glm\glm\gtc</Filter>
    </ClInclude>
    <ClInclude Include="vendor\glm\glm\gtc\bitfield.inl">
      <Filter>vendor\glm\glm\gtc</Filter>
    </ClInclude>
    <ClInclude Include="vendor\glm\glm\gtc\color_space.hpp">
      <Filter>vendor\glm\glm\gtc</Filter>
    </ClInclude>
    <ClInclude Include="vendor\glm\glm\gtc\color_space.inl">
      <Filter>vendor\glm\glm\gtc</Filter>
    </ClInclude>
    <ClInclude Include="vendor\glm\glm\gtc\constants.hpp">
      <Filter>vendor\glm\glm\gtc</Filter>
    </ClInclude>
    <ClInclude Include="vendor\glm\glm\gtc\constants.inl">
      <Filter>vendor\glm\glm\gtc</Filter>
    </ClInclude>
    <ClInclude Include="vendor\glm\glm\gtc\epsilon.hpp">
      <Filter>vendor\glm\glm\gtc</Filter>
    </ClInclude>
    <ClInclude Include="vendor\glm\glm\gtc\epsilon.inl">
      <Filter>vendor\glm\glm\gtc</Filter>
    </ClInclude>
    <ClInclude Include="vendor\glm\glm\gtc\integer.hpp">
      <Filter>vendor\glm\glm\gtc</Filter>
    </ClInclude>
    <ClInclude Include="vendor\glm\glm\gtc\integer.inl">
      <Filter>vendor\glm\glm\gtc</Filter>
    </ClInclude>
    <ClInclude Include="vendor\glm\glm\gtc\matrix_access.hpp">
      <Filter>vendor\glm\glm\gtc</Filter>
    </ClInclude>
    <ClInclude Include="vendor\glm\glm\gtc\matrix_access.inl">
      <Filter>vendor\glm\glm\gtc</Filter>
    </ClInclude>
    <ClInclude Include="vendor\glm\glm\gtc\matrix_integer.hpp">
      <Filter>vendor\glm\glm\gtc</Filter>
    </ClInclude>
    <ClInclude Include="vendor\glm\glm\gtc\matrix_inverse.hpp">
      <Filter>vendor\glm\glm\gtc</Filter>
    </ClInclude>
    <ClInclude Include="vendor\glm\glm\gtc\matrix_inverse.inl">
      <Filter>vendor\glm\glm\gtc</Filter>
    </ClInclude>
    <ClInclude Include="vendor\glm\glm\gtc\matrix_transform.hpp">
      <Filter>vendor\glm\glm\gtc</Filter>
    </ClInclude>
    <ClInclude Include="vendor\glm\glm\gtc\matrix_transform.inl">
      <Filter>vendor\glm\glm\gtc</Filter>
    </ClInclude>
    <ClInclude Include="vendor\glm\glm\gtc\noise.hpp">
      <Filter>vendor\glm\glm\gtc</Filter>
    </ClInclude>
    <ClInclude Include="vendor\glm\glm\gtc\noise.inl">
      <Filter>vendor\glm\glm\gtc</Filter>
    </ClInclude>
    <ClInclude Include="vendor\glm\glm\gtc\packing.hpp">
      <Filter>vendor\glm\glm\gtc</Filter>
    </ClInclude>
    <ClInclude Include="vendor\glm\glm\gtc\packing.inl">
      <Filter>vendor\glm\glm\gtc</Filter>
    </ClInclude>
    <ClInclude Include="vendor\glm\glm\gtc\quaternion.hpp">
      <Filter>vendor\glm\glm\gtc</Filter>
    </ClInclude>
    <ClInclude Include="vendor\glm\glm\gtc\quaternion.inl">
      <Filter>vendor\glm\glm\gtc</Filter>
    </ClInclude>
    <ClInclude Include="vendor\glm\glm\gtc\quaternion_simd.inl">
      <Filter>vendor\glm\glm\gtc</Filter>
    </ClInclude>
    <ClInclude Include="vendor\glm\glm\gtc\random.hpp">
      <Filter>vendor\glm\glm\gtc</Filter>
    </ClInclude>
    <ClInclude Include="vendor\glm\glm\gtc\random.inl">
      <Filter>vendor\glm\glm\gtc</Filter>
    </ClInclude>
    <ClInclude Include="vendor\glm\glm\gtc\reciprocal.hpp">
      <Filter>vendor\glm\glm\gtc</Filter>
    </ClInclude>
    <ClInclude Include="vendor\glm\glm\gtc\round.hpp">
      <Filter>vendor\glm\glm\gtc</Filter>
    </ClInclude>
    <ClInclude Include="vendor\glm\glm\gtc\round.inl">
      <Filter>vendor\glm\glm\gtc</Filter>
    </ClInclude>
    <ClInclude Include="vendor\glm\glm\gtc\type_aligned.hpp">
      <Filter>vendor\glm\glm\gtc</Filter>
    </ClInclude>
    <ClInclude Include="vendor\glm\glm\gtc\type_precision.hpp">
      <Filter>vendor\glm\glm\gtc</Filter>
    </ClInclude>
    <ClInclude Include="vendor\glm\glm\gtc\type_precision.inl">
      <Filter>vendor\glm\glm\gtc</Filter>
    </ClInclude>
    <ClInclude Include="vendor\glm\glm\gtc\type_ptr.hpp">
      <Filter>vendor\glm\glm\gtc</Filter>
    </ClInclude>
    <ClInclude Include="vendor\glm\glm\gtc\type_ptr.inl">
      <Filter>vendor\glm\glm\gtc</Filter>
    </ClInclude>
    <ClInclude Include="vendor\glm\glm\gtc\ulp.hpp">
      <Filter>vendor\glm\glm\gtc</Filter>
    </ClInclude>
    <ClInclude Include="vendor\glm\glm\gtc\ulp.inl">
      <Filter>vendor\glm\glm\gtc</Filter>
    </ClInclude>
    <ClInclude Include="vendor\glm\glm\gtc\vec1.hpp">
      <Filter>vendor\glm\glm\gtc</Filter>
    </ClInclude>
    <ClInclude Include="vendor\glm\glm\gtx\associated_min_max.hpp">
      <Filter>vendor\glm\glm\gtx</Filter>
    </ClInclude>
    <ClInclude Include="vendor\glm\glm\gtx\associated_min_max.inl">
      <Filter>vendor\glm\glm\gtx</Filter>
    </ClInclude>
    <ClInclude Include="vendor\glm\glm\gtx\bit.hpp">
      <Filter>vendor\glm\glm\gtx</Filter>
    </ClInclude>
    <ClInclude Include="vendor\glm\glm\gtx\bit.inl">
      <Filter>vendor\glm\glm\gtx</Filter>
    </ClInclude>
    <ClInclude Include="vendor\glm\glm\gtx\closest_point.hpp">
      <Filter>vendor\glm\glm\gtx</Filter>
    </ClInclude>
    <ClInclude Include="vendor\glm\glm\gtx\closest_point.inl">
      <Filter>vendor\glm\glm\gtx</Filter>
    </ClInclude>
    <ClInclude Include="vendor\glm\glm\gtx\color_encoding.hpp">
      <Filter>vendor\glm\glm\gtx</Filter>
    </ClInclude>
    <ClInclude Include="vendor\glm\glm\gtx\color_encoding.inl">
      <Filter>vendor\glm\glm\gtx</Filter>
    </ClInclude>
    <ClInclude Include="vendor\glm\glm\gtx\color_space.hpp">
      <Filter>vendor\glm\glm\gtx</Filter>
    </ClInclude>
    <ClInclude Include="vendor\glm\glm\gtx\color_space.inl">
      <Filter>vendor\glm\glm\gtx</Filter>
    </ClInclude>
    <ClInclude Include="vendor\glm\glm\gtx\color_space_YCoCg.hpp">
      <Filter>vendor\glm\glm\gtx</Filter>
    </ClInclude>
    <ClInclude Include="vendor\glm\glm\gtx\color_space_YCoCg.inl">
      <Filter>vendor\glm\glm\gtx</Filter>
    </ClInclude>
    <ClInclude Include="vendor\glm\glm\gtx\common.hpp">
      <Filter>vendor\glm\glm\gtx</Filter>
    </ClInclude>
    <ClInclude Include="vendor\glm\glm\gtx\common.inl">
      <Filter>vendor\glm\glm\gtx</Filter>
    </ClInclude>
    <ClInclude Include="vendor\glm\glm\gtx\compatibility.hpp">
      <Filter>vendor\glm\glm\gtx</Filter>
    </ClInclude>
    <ClInclude Include="vendor\glm\glm\gtx\compatibility.inl">
      <Filter>vendor\glm\glm\gtx</Filter>
    </ClInclude>
    <ClInclude Include="vendor\glm\glm\gtx\component_wise.hpp">
      <Filter>vendor\glm\glm\gtx</Filter>
    </ClInclude>
    <ClInclude Include="vendor\glm\glm\gtx\component_wise.inl">
      <Filter>vendor\glm\glm\gtx</Filter>
    </ClInclude>
    <ClInclude Include="vendor\glm\glm\gtx\dual_quaternion.hpp">
      <Filter>vendor\glm\glm\gtx</Filter>
    </ClInclude>
    <ClInclude Include="vendor\glm\glm\gtx\dual_quaternion.inl">
      <Filter>vendor\glm\glm\gtx</Filter>
    </ClInclude>
    <ClInclude Include="vendor\glm\glm\gtx\easing.hpp">
      <Filter>vendor\glm\glm\gtx</Filter>
    </ClInclude>
    <ClInclude Include="vendor\glm\glm\gtx\easing.inl">
      <Filter>vendor\glm\glm\gtx</Filter>
    </ClInclude>
    <ClInclude Include="vendor\glm\glm\gtx\euler_angles.hpp">
      <Filter>vendor\glm\glm\gtx</Filter>
    </ClInclude>
    <ClInclude Include="vendor\glm\glm\gtx\euler_angles.inl">
      <Filter>vendor\glm\glm\gtx</Filter>
    </ClInclude>
    <ClInclude Include="vendor\glm\glm\gtx\extend.hpp">
      <Filter>vendor\glm\glm\gtx</Filter>
    </ClInclude>
    <ClInclude Include="vendor\glm\glm\gtx\extend.inl">
      <Filter>vendor\glm\glm\gtx</Filter>
    </ClInclude>
    <ClInclude Include="vendor\glm\glm\gtx\extended_min_max.hpp">
      <Filter>vendor\glm\glm\gtx</Filter>
    </ClInclude>
    <ClInclude Include="vendor\glm\glm\gtx\extended_min_max.inl">
      <Filter>vendor\glm\glm\gtx</Filter>
    </ClInclude>
    <ClInclude Include="vendor\glm\glm\gtx\exterior_product.hpp">
      <Filter>vendor\glm\glm\gtx</Filter>
    </ClInclude>
    <ClInclude Include="vendor\glm\glm\gtx\exterior_product.inl">
      <Filter>vendor\glm\glm\gtx</Filter>
    </ClInclude>
    <ClInclude Include="vendor\glm\glm\gtx\fast_exponential.hpp">
      <Filter>vendor\glm\glm\gtx</Filter>
    </ClInclude>
    <ClInclude Include="vendor\glm\glm\gtx\fast_exponential.inl">
      <Filter>vendor\glm\glm\gtx</Filter>
    </ClInclude>
    <ClInclude Include="vendor\glm\glm\gtx\fast_square_root.hpp">
      <Filter>vendor\glm\glm\gtx</Filter>
    </ClInclude>
    <ClInclude Include="vendor\glm\glm\gtx\fast_square_root.inl">
      <Filter>vendor\glm\glm\gtx</Filter>
    </ClInclude>
    <ClInclude Include="vendor\glm\glm\gtx\fast_trigonometry.hpp">
      <Filter>vendor\glm\glm\gtx</Filter>
    </ClInclude>
    <ClInclude Include="vendor\glm\glm\gtx\fast_trigonometry.inl">
      <Filter>vendor\glm\glm\gtx</Filter>
    </ClInclude>
    <ClInclude Include="vendor\glm\glm\gtx\float_notmalize.inl">
      <Filter>vendor\glm\glm\gtx</Filter>
    </ClInclude>
    <ClInclude Include="vendor\glm\glm\gtx\functions.hpp">
      <Filter>vendor\glm\glm\gtx</Filter>
    </ClInclude>
    <ClInclude Include="vendor\glm\glm\gtx\functions.inl">
      <Filter>vendor\glm\glm\gtx</Filter>
    </ClInclude>
    <ClInclude Include="vendor\glm\glm\gtx\gradient_paint.hpp">
      <Filter>vendor\glm\glm\gtx</Filter>
    </ClInclude>
    <ClInclude Include="vendor\glm\glm\gtx\gradient_paint.inl">
      <Filter>vendor\glm\glm\gtx</Filter>
    </ClInclude>
    <ClInclude Include="vendor\glm\glm\gtx\handed_coordinate_space.hpp">
      <Filter>vendor\glm\glm\gtx</Filter>
    </ClInclude>
    <ClInclude Include="vendor\glm\glm\gtx\handed_coordinate_space.inl">
      <Filter>vendor\glm\glm\gtx</Filter>
    </ClInclude>
    <ClInclude Include="vendor\glm\glm\gtx\hash.hpp">
      <Filter>vendor\glm\glm\gtx</Filter>
    </ClInclude>
    <ClInclude Include="vendor\glm\glm\gtx\hash.inl">
      <Filter>vendor\glm\glm\gtx</Filter>
    </ClInclude>
    <ClInclude Include="vendor\glm\glm\gtx\integer.hpp">
      <Filter>vendor\glm\glm\gtx</Filter>
    </ClInclude>
    <ClInclude Include="vendor\glm\glm\gtx\integer.inl">
      <Filter>vendor\glm\glm\gtx</Filter>
    </ClInclude>
    <ClInclude Include="vendor\glm\glm\gtx\intersect.hpp">
      <Filter>vendor\glm\glm\gtx</Filter>
    </ClInclude>
    <ClInclude Include="vendor\glm\glm\gtx\intersect.inl">
      <Filter>vendor\glm\glm\gtx</Filter>
    </ClInclude>
    <ClInclude Include="vendor\glm\glm\gtx\io.hpp">
      <Filter>vendor\glm\glm\gtx</Filter>
    </ClInclude>
    <ClInclude Include="vendor\glm\glm\gtx\io.inl">
      <Filter>vendor\glm\glm\gtx</Filter>
    </ClInclude>
    <ClInclude Include="vendor\glm\glm\gtx\log_base.hpp">
      <Filter>vendor\glm\glm\gtx</Filter>
    </ClInclude>
    <ClInclude Include="vendor\glm\glm\gtx\log_base.inl">
      <Filter>vendor\glm\glm\gtx</Filter>
    </ClInclude>
    <ClInclude Include="vendor\glm\glm\gtx\matrix_cross_product.hpp">
      <Filter>vendor\glm\glm\gtx</Filter>
    </ClInclude>
    <ClInclude Include="vendor\glm\glm\gtx\matrix_cross_product.inl">
      <Filter>vendor\glm\glm\gtx</Filter>
    </ClInclude>
    <ClInclude Include="vendor\glm\glm\gtx\matrix_decompose.hpp">
      <Filter>vendor\glm\glm\gtx</Filter>
    </ClInclude>
    <ClInclude Include="vendor\glm\glm\gtx\matrix_decompose.inl">
      <Filter>vendor\glm\glm\gtx</Filter>
    </ClInclude>
    <ClInclude Include="vendor\glm\glm\gtx\matrix_factorisation.hpp">
      <Filter>vendor\glm\glm\gtx</Filter>
    </ClInclude>
    <ClInclude Include="vendor\glm\glm\gtx\matrix_factorisation.inl">
      <Filter>vendor\glm\glm\gtx</Filter>
    </ClInclude>
    <ClInclude Include="vendor\glm\glm\gtx\matrix_interpolation.hpp">
      <Filter>vendor\glm\glm\gtx</Filter>
    </ClInclude>
    <ClInclude Include="vendor\glm\glm\gtx\matrix_interpolation.inl">
      <Filter>vendor\glm\glm\gtx</Filter>
    </ClInclude>
    <ClInclude Include="vendor\glm\glm\gtx\matrix_major_storage.hpp">
      <Filter>vendor\glm\glm\gtx</Filter>
    </ClInclude>
    <ClInclude Include="vendor\glm\glm\gtx\matrix_major_storage.inl">
      <Filter>vendor\glm\glm\gtx</Filter>
    </ClInclude>
    <ClInclude Include="vendor\glm\glm\gtx\matrix_operation.hpp">
      <Filter>vendor\glm\glm\gtx</Filter>
    </ClInclude>
    <ClInclude Include="vendor\glm\glm\gtx\matrix_operation.inl">
      <Filter>vendor\glm\glm\gtx</Filter>
    </ClInclude>
    <ClInclude Include="vendor\glm\glm\gtx\matrix_query.hpp">
      <Filter>vendor\glm\glm\gtx</Filter>
    </ClInclude>
    <ClInclude Include="vendor\glm\glm\gtx\matrix_query.inl">
      <Filter>vendor\glm\glm\gtx</Filter>
    </ClInclude>
    <ClInclude Include="vendor\glm\glm\gtx\matrix_transform_2d.hpp">
      <Filter>vendor\glm\glm\gtx</Filter>
    </ClInclude>
    <ClInclude Include="vendor\glm\glm\gtx\matrix_transform_2d.inl">
      <Filter>vendor\glm\glm\gtx</Filter>
    </ClInclude>
    <ClInclude Include="vendor\glm\glm\gtx\mixed_product.hpp">
      <Filter>vendor\glm\glm\gtx</Filter>
    </ClInclude>
    <ClInclude Include="vendor\glm\glm\gtx\mixed_product.inl">
      <Filter>vendor\glm\glm\gtx</Filter>
    </ClInclude>
    <ClInclude Include="vendor\glm\glm\gtx\norm.hpp">
      <Filter>vendor\glm\glm\gtx</Filter>
    </ClInclude>
    <ClInclude Include="vendor\glm\glm\gtx\norm.inl">
      <Filter>vendor\glm\glm\gtx</Filter>
    </ClInclude>
    <ClInclude Include="vendor\glm\glm\gtx\normal.hpp">
      <Filter>vendor\glm\glm\gtx</Filter>
    </ClInclude>
    <ClInclude Include="vendor\glm\glm\gtx\normal.inl">
      <Filter>vendor\glm\glm\gtx</Filter>
    </ClInclude>
    <ClInclude Include="vendor\glm\glm\gtx\normalize_dot.hpp">
      <Filter>vendor\glm\glm\gtx</Filter>
    </ClInclude>
    <ClInclude Include="vendor\glm\glm\gtx\normalize_dot.inl">
      <Filter>vendor\glm\glm\gtx</Filter>
    </ClInclude>
    <ClInclude Include="vendor\glm\glm\gtx\number_precision.hpp">
      <Filter>vendor\glm\glm\gtx</Filter>
    </ClInclude>
    <ClInclude Include="vendor\glm\glm\gtx\number_precision.inl">
      <Filter>vendor\glm\glm\gtx</Filter>
    </ClInclude>
    <ClInclude Include="vendor\glm\glm\gtx\optimum_pow.hpp">
      <Filter>vendor\glm\glm\gtx</Filter>
    </ClInclude>
    <ClInclude Include="vendor\glm\glm\gtx\optimum_pow.inl">
      <Filter>vendor\glm\glm\gtx</Filter>
    </ClInclude>
    <ClInclude Include="vendor\glm\glm\gtx\orthonormalize.hpp">
      <Filter>vendor\glm\glm\gtx</Filter>
    </ClInclude>
    <ClInclude Include="vendor\glm\glm\gtx\orthonormalize.inl">
      <Filter>vendor\glm\glm\gtx</Filter>
    </ClInclude>
    <ClInclude Include="vendor\glm\glm\gtx\pca.hpp">
      <Filter>vendor\glm\glm\gtx</Filter>
    </ClInclude>
    <ClInclude Include="vendor\glm\glm\gtx\pca.inl">
      <Filter>vendor\glm\glm\gtx</Filter>
    </ClInclude>
    <ClInclude Include="vendor\glm\glm\gtx\perpendicular.hpp">
      <Filter>vendor\glm\glm\gtx</Filter>
    </ClInclude>
    <ClInclude Include="vendor\glm\glm\gtx\perpendicular.inl">
      <Filter>vendor\glm\glm\gtx</Filter>
    </ClInclude>
    <ClInclude Include="vendor\glm\glm\gtx\polar_coordinates.hpp">
      <Filter>vendor\glm\glm\gtx</Filter>
    </ClInclude>
    <ClInclude Include="vendor\glm\glm\gtx\polar_coordinates.inl">
      <Filter>vendor\glm\glm\gtx</Filter>
    </ClInclude>
    <ClInclude Include="vendor\glm\glm\gtx\projection.hpp">
      <Filter>vendor\glm\glm\gtx</Filter>
    </ClInclude>
    <ClInclude Include="vendor\glm\glm\gtx\projection.inl">
      <Filter>vendor\glm\glm\gtx</Filter>
    </ClInclude>
    <ClInclude Include="vendor\glm\glm\gtx\quaternion.hpp">
      <Filter>vendor\glm\glm\gtx</Filter>
    </ClInclude>
    <ClInclude Include="vendor\glm\glm\gtx\quaternion.inl">
      <Filter>vendor\glm\glm\gtx</Filter>
    </ClInclude>
    <ClInclude Include="vendor\glm\glm\gtx\range.hpp">
      <Filter>vendor\glm\glm\gtx</Filter>
    </ClInclude>
    <ClInclude Include="vendor\glm\glm\gtx\raw_data.hpp">
      <Filter>vendor\glm\glm\gtx</Filter>
    </ClInclude>
    <ClInclude Include="vendor\glm\glm\gtx\raw_data.inl">
      <Filter>vendor\glm\glm\gtx</Filter>
    </ClInclude>
    <ClInclude Include="vendor\glm\glm\gtx\rotate_normalized_axis.hpp">
      <Filter>vendor\glm\glm\gtx</Filter>
    </ClInclude>
    <ClInclude Include="vendor\glm\glm\gtx\rotate_normalized_axis.inl">
      <Filter>vendor\glm\glm\gtx</Filter>
    </ClInclude>
    <ClInclude Include="vendor\glm\glm\gtx\rotate_vector.hpp">
      <Filter>vendor\glm\glm\gtx</Filter>
    </ClInclude>
    <ClInclude Include="vendor\glm\glm\gtx\rotate_vector.inl">
      <Filter>vendor\glm\glm\gtx</Filter>
    </ClInclude>
    <ClInclude Include="vendor\glm\glm\gtx\scalar_multiplication.hpp">
      <Filter>vendor\glm\glm\gtx</Filter>
    </ClInclude>
    <ClInclude Include="vendor\glm\glm\gtx\scalar_relational.hpp">
      <Filter>vendor\glm\glm\gtx</Filter>
    </ClInclude>
    <ClInclude Include="vendor\glm\glm\gtx\scalar_relational.inl">
      <Filter>vendor\glm\glm\gtx</Filter>
    </ClInclude>
    <ClInclude Include="vendor\glm\glm\gtx\spline.hpp">
      <Filter>vendor\glm\glm\gtx</Filter>
    </ClInclude>
    <ClInclude Include="vendor\glm\glm\gtx\spline.inl">
      <Filter>vendor\glm\glm\gtx</Filter>
    </ClInclude>
    <ClInclude Include="vendor\glm\glm\gtx\std_based_type.hpp">
      <Filter>vendor\glm\glm\gtx</Filter>
    </ClInclude>
    <ClInclude Include="vendor\glm\glm\gtx\std_based_type.inl">
      <Filter>vendor\glm\glm\gtx</Filter>
    </ClInclude>
    <ClInclude Include="vendor\glm\glm\gtx\string_cast.hpp">
      <Filter>vendor\glm\glm\gtx</Filter>
    </ClInclude>
    <ClInclude Include="vendor\glm\glm\gtx\string_cast.inl">
      <Filter>vendor\glm\glm\gtx</Filter>
    </ClInclude>
    <ClInclude Include="vendor\glm\glm\gtx\texture.hpp">
      <Filter>vendor\glm\glm\gtx</Filter>
    </ClInclude>
    <ClInclude Include="vendor\glm\glm\gtx\texture.inl">
      <Filter>vendor\glm\glm\gtx</Filter>
    </ClInclude>
    <ClInclude Include="vendor\glm\glm\gtx\transform.hpp">
      <Filter>vendor\glm\glm\gtx</Filter>
    </ClInclude>
    <ClInclude Include="vendor\glm\glm\gtx\transform.inl">
      <Filter>vendor\glm\glm\gtx</Filter>
    </ClInclude>
    <ClInclude Include="vendor\glm\glm\gtx\transform2.hpp">
      <Filter>vendor\glm\glm\gtx</Filter>
    </ClInclude>
    <ClInclude Include="vendor\glm\glm\gtx\transform2.inl">
      <Filter>vendor\glm\glm\gtx</Filter>
    </ClInclude>
    <ClInclude Include="vendor\glm\glm\gtx\type_aligned.hpp">
      <Filter>vendor\glm\glm\gtx</Filter>
    </ClInclude>
    <ClInclude Include="vendor\glm\glm\gtx\type_aligned.inl">
      <Filter>vendor\glm\glm\gtx</Filter>
    </ClInclude>
    <ClInclude Include="vendor\glm\glm\gtx\type_trait.hpp">
      <Filter>vendor\glm\glm\gtx</Filter>
    </ClInclude>
    <ClInclude Include="vendor\glm\glm\gtx\type_trait.inl">
      <Filter>vendor\glm\glm\gtx</Filter>
    </ClInclude>
    <ClInclude Include="vendor\glm\glm\gtx\vec_swizzle.hpp">
      <Filter>vendor\glm\glm\gtx</Filter>
    </ClInclude>
    <ClInclude Include="vendor\glm\glm\gtx\vector_angle.hpp">
      <Filter>vendor\glm\glm\gtx</Filter>
    </ClInclude>
    <ClInclude Include="vendor\glm\glm\gtx\vector_angle.inl">
      <Filter>vendor\glm\glm\gtx</Filter>
    </ClInclude>
    <ClInclude Include="vendor\glm\glm\gtx\vector_query.hpp">
      <Filter>vendor\glm\glm\gtx</Filter>
    </ClInclude>
    <ClInclude Include="vendor\glm\glm\gtx\vector_query.inl">
      <Filter>vendor\glm\glm\gtx</Filter>
    </ClInclude>
    <ClInclude Include="vendor\glm\glm\gtx\wrap.hpp">
      <Filter>vendor\glm\glm\gtx</Filter>
    </ClInclude>
    <ClInclude Include="vendor\glm\glm\gtx\wrap.inl">
      <Filter>vendor\glm\glm\gtx</Filter>
    </ClInclude>
    <ClInclude Include="vendor\glm\glm\integer.hpp">
      <Filter>vendor\glm\glm</Filter>
    </ClInclude>
    <ClInclude Include="vendor\glm\glm\mat2x2.hpp">
      <Filter>vendor\glm\glm</Filter>
    </ClInclude>
    <ClInclude Include="vendor\glm\glm\mat2x3.hpp">
      <Filter>vendor\glm\glm</Filter>
    </ClInclude>
    <ClInclude Include="vendor\glm\glm\mat2x4.hpp">
      <Filter>vendor\glm\glm</Filter>
    </ClInclude>
    <ClInclude Include="vendor\glm\glm\mat3x2.hpp">
      <Filter>vendor\glm\glm</Filter>
    </ClInclude>
    <ClInclude Include="vendor\glm\glm\mat3x3.hpp">
      <Filter>vendor\glm\glm</Filter>
    </ClInclude>
    <ClInclude Include="vendor\glm\glm\mat3x4.hpp">
      <Filter>vendor\glm\glm</Filter>
    </ClInclude>
    <ClInclude Include="vendor\glm\glm\mat4x2.hpp">
      <Filter>vendor\glm\glm</Filter>
    </ClInclude>
    <ClInclude Include="vendor\glm\glm\mat4x3.hpp">
      <Filter>vendor\glm\glm</Filter>
    </ClInclude>
    <ClInclude Include="vendor\glm\glm\mat4x4.hpp">
      <Filter>vendor\glm\glm</Filter>
    </ClInclude>
    <ClInclude Include="vendor\glm\glm\matrix.hpp">
      <Filter>vendor\glm\glm</Filter>
    </ClInclude>
    <ClInclude Include="vendor\glm\glm\packing.hpp">
      <Filter>vendor\glm\glm</Filter>
    </ClInclude>
    <ClInclude Include="vendor\glm\glm\trigonometric.hpp">
      <Filter>vendor\glm\glm</Filter>
    </ClInclude>
    <ClInclude Include="vendor\glm\glm\vec2.hpp">
      <Filter>vendor\glm\glm</Filter>
    </ClInclude>
    <ClInclude Include="vendor\glm\glm\vec3.hpp">
      <Filter>vendor\glm\glm</Filter>
    </ClInclude>
    <ClInclude Include="vendor\glm\glm\vec4.hpp">
      <Filter>vendor\glm\glm</Filter>
    </ClInclude>
    <ClInclude Include="vendor\glm\glm\vector_relational.hpp">
      <Filter>vendor\glm\glm</Filter>
    </ClInclude>
    <ClInclude Include="vendor\stb_image\stb_image.h">
      <Filter>vendor\stb_image</Filter>
    </ClInclude>
  </ItemGroup>
  <ItemGroup>
    <ClCompile Include="src\Hazard\Assets\Asset.cpp">
      <Filter>src\Hazard\Assets</Filter>
    </ClCompile>
    <ClCompile Include="src\Hazard\Assets\AssetLoader.cpp">
      <Filter>src\Hazard\Assets</Filter>
    </ClCompile>
    <ClCompile Include="src\Hazard\Assets\AssetManager.cpp">
      <Filter>src\Hazard\Assets</Filter>
    </ClCompile>
    <ClCompile Include="src\Hazard\Assets\AssetRegistry.cpp">
      <Filter>src\Hazard\Assets</Filter>
    </ClCompile>
    <ClCompile Include="src\Hazard\Audio\AudioCommand.cpp">
      <Filter>src\Hazard\Audio</Filter>
    </ClCompile>
    <ClCompile Include="src\Hazard\Audio\AudioEngine.cpp">
      <Filter>src\Hazard\Audio</Filter>
    </ClCompile>
    <ClCompile Include="src\Hazard\Audio\AudioFactory.cpp">
      <Filter>src\Hazard\Audio</Filter>
    </ClCompile>
    <ClCompile Include="src\Hazard\Audio\AudioListener.cpp">
      <Filter>src\Hazard\Audio</Filter>
    </ClCompile>
    <ClCompile Include="src\Hazard\Audio\AudioLoader.cpp">
      <Filter>src\Hazard\Audio</Filter>
    </ClCompile>
    <ClCompile Include="src\Hazard\Audio\AudioSource.cpp">
      <Filter>src\Hazard\Audio</Filter>
    </ClCompile>
    <ClCompile Include="src\Hazard\Audio\alhelpers.cpp">
      <Filter>src\Hazard\Audio</Filter>
    </ClCompile>
    <ClCompile Include="src\Hazard\Core\Application.cpp">
      <Filter>src\Hazard\Core</Filter>
    </ClCompile>
    <ClCompile Include="src\Hazard\Core\CommandLineArgs.cpp">
      <Filter>src\Hazard\Core</Filter>
    </ClCompile>
    <ClCompile Include="src\Hazard\Core\HazardLoop.cpp">
      <Filter>src\Hazard\Core</Filter>
    </ClCompile>
    <ClCompile Include="src\Hazard\Core\UUID.cpp">
      <Filter>src\Hazard\Core</Filter>
    </ClCompile>
    <ClCompile Include="src\Hazard\Entity\Components\CameraProcessingComponent.cpp">
      <Filter>src\Hazard\Entity\Components</Filter>
    </ClCompile>
    <ClCompile Include="src\Hazard\Entity\Components\PhysicsComponent.cpp">
      <Filter>src\Hazard\Entity\Components</Filter>
    </ClCompile>
    <ClCompile Include="src\Hazard\Entity\Entity.cpp">
      <Filter>src\Hazard\Entity</Filter>
    </ClCompile>
    <ClCompile Include="src\Hazard\Entity\Loader\WorldDeserializer.cpp">
      <Filter>src\Hazard\Entity\Loader</Filter>
    </ClCompile>
    <ClCompile Include="src\Hazard\Entity\Loader\WorldSerializer.cpp">
      <Filter>src\Hazard\Entity\Loader</Filter>
    </ClCompile>
    <ClCompile Include="src\Hazard\Entity\World.cpp">
      <Filter>src\Hazard\Entity</Filter>
    </ClCompile>
    <ClCompile Include="src\Hazard\Entity\WorldCommand.cpp">
      <Filter>src\Hazard\Entity</Filter>
    </ClCompile>
    <ClCompile Include="src\Hazard\Entity\WorldHandler.cpp">
      <Filter>src\Hazard\Entity</Filter>
    </ClCompile>
    <ClCompile Include="src\Hazard\Logging\Logger.cpp">
      <Filter>src\Hazard\Logging</Filter>
    </ClCompile>
    <ClCompile Include="src\Hazard\Math\Color.cpp">
      <Filter>src\Hazard\Math</Filter>
    </ClCompile>
    <ClCompile Include="src\Hazard\Math\Random.cpp">
      <Filter>src\Hazard\Math</Filter>
    </ClCompile>
    <ClCompile Include="src\Hazard\Math\Time.cpp">
      <Filter>src\Hazard\Math</Filter>
    </ClCompile>
    <ClCompile Include="src\Hazard\Modulehandler.cpp">
      <Filter>src\Hazard</Filter>
    </ClCompile>
    <ClCompile Include="src\Hazard\Physics\Physics2D\Physics2D.cpp">
      <Filter>src\Hazard\Physics\Physics2D</Filter>
    </ClCompile>
    <ClCompile Include="src\Hazard\Physics\Physics2D\Physics2DContactListener.cpp">
      <Filter>src\Hazard\Physics\Physics2D</Filter>
    </ClCompile>
    <ClCompile Include="src\Hazard\Physics\PhysicsCommand.cpp">
      <Filter>src\Hazard\Physics</Filter>
    </ClCompile>
    <ClCompile Include="src\Hazard\RenderContext\RenderContext.cpp">
      <Filter>src\Hazard\RenderContext</Filter>
    </ClCompile>
    <ClCompile Include="src\Hazard\RenderContext\RenderContextCommand.cpp">
      <Filter>src\Hazard\RenderContext</Filter>
    </ClCompile>
    <ClCompile Include="src\Hazard\Rendering\2D\Renderer2D.cpp">
      <Filter>src\Hazard\Rendering\2D</Filter>
    </ClCompile>
    <ClCompile Include="src\Hazard\Rendering\DebugRenderer.cpp">
      <Filter>src\Hazard\Rendering</Filter>
    </ClCompile>
    <ClCompile Include="src\Hazard\Rendering\Image\Image2D.cpp">
      <Filter>src\Hazard\Rendering\Image</Filter>
    </ClCompile>
    <ClCompile Include="src\Hazard\Rendering\Loaders\Loaders.cpp">
      <Filter>src\Hazard\Rendering\Loaders</Filter>
    </ClCompile>
    <ClCompile Include="src\Hazard\Rendering\Loaders\ShaderFactory.cpp">
      <Filter>src\Hazard\Rendering\Loaders</Filter>
    </ClCompile>
    <ClCompile Include="src\Hazard\Rendering\Loaders\TextureFactory.cpp">
      <Filter>src\Hazard\Rendering\Loaders</Filter>
    </ClCompile>
    <ClCompile Include="src\Hazard\Rendering\Mesh\Mesh.cpp">
      <Filter>src\Hazard\Rendering\Mesh</Filter>
    </ClCompile>
    <ClCompile Include="src\Hazard\Rendering\Mesh\MeshFactory.cpp">
      <Filter>src\Hazard\Rendering\Mesh</Filter>
    </ClCompile>
    <ClCompile Include="src\Hazard\Rendering\Pipeline\Buffers.cpp">
      <Filter>src\Hazard\Rendering\Pipeline</Filter>
    </ClCompile>
    <ClCompile Include="src\Hazard\Rendering\Pipeline\FrameBuffer.cpp">
      <Filter>src\Hazard\Rendering\Pipeline</Filter>
    </ClCompile>
    <ClCompile Include="src\Hazard\Rendering\Pipeline\Pipeline.cpp">
      <Filter>src\Hazard\Rendering\Pipeline</Filter>
    </ClCompile>
    <ClCompile Include="src\Hazard\Rendering\Pipeline\RenderPass.cpp">
      <Filter>src\Hazard\Rendering\Pipeline</Filter>
    </ClCompile>
    <ClCompile Include="src\Hazard\Rendering\Pipeline\Shader.cpp">
      <Filter>src\Hazard\Rendering\Pipeline</Filter>
    </ClCompile>
    <ClCompile Include="src\Hazard\Rendering\RenderCommand.cpp">
      <Filter>src\Hazard\Rendering</Filter>
    </ClCompile>
    <ClCompile Include="src\Hazard\Rendering\RenderCommandBuffer.cpp">
      <Filter>src\Hazard\Rendering</Filter>
    </ClCompile>
    <ClCompile Include="src\Hazard\Rendering\RenderCommandQueue.cpp">
      <Filter>src\Hazard\Rendering</Filter>
    </ClCompile>
    <ClCompile Include="src\Hazard\Rendering\RenderEngine.cpp">
      <Filter>src\Hazard\Rendering</Filter>
    </ClCompile>
    <ClCompile Include="src\Hazard\Rendering\Texture.cpp">
      <Filter>src\Hazard\Rendering</Filter>
    </ClCompile>
    <ClCompile Include="src\Hazard\Rendering\WorldRenderer.cpp">
      <Filter>src\Hazard\Rendering</Filter>
    </ClCompile>
    <ClCompile Include="src\Hazard\Scripting\PublicField.cpp">
      <Filter>src\Hazard\Scripting</Filter>
    </ClCompile>
    <ClCompile Include="src\Hazard\Scripting\ScriptCommand.cpp">
      <Filter>src\Hazard\Scripting</Filter>
    </ClCompile>
    <ClCompile Include="src\Hazard\Scripting\ScriptEngineManager.cpp">
      <Filter>src\Hazard\Scripting</Filter>
    </ClCompile>
    <ClCompile Include="src\Hazard\Scripting\ScriptRegistry.cpp">
      <Filter>src\Hazard\Scripting</Filter>
    </ClCompile>
    <ClCompile Include="src\Hazard\Utils\File.cpp">
      <Filter>src\Hazard\Utils</Filter>
    </ClCompile>
    <ClCompile Include="src\Hazard\Utils\StringUtil.cpp">
      <Filter>src\Hazard\Utils</Filter>
    </ClCompile>
    <ClCompile Include="src\Hazard\Utils\YamlUtils.cpp">
      <Filter>src\Hazard\Utils</Filter>
    </ClCompile>
    <ClCompile Include="src\Platform\Rendering\GraphicsContext.cpp">
      <Filter>src\Platform\Rendering</Filter>
    </ClCompile>
    <ClCompile Include="src\Platform\Rendering\OpenGL\Buffers\OpenGLBuffers.cpp">
      <Filter>src\Platform\Rendering\OpenGL\Buffers</Filter>
    </ClCompile>
    <ClCompile Include="src\Platform\Rendering\OpenGL\OpenGLContext.cpp">
      <Filter>src\Platform\Rendering\OpenGL</Filter>
    </ClCompile>
    <ClCompile Include="src\Platform\Rendering\OpenGL\OpenGLFramebuffer.cpp">
      <Filter>src\Platform\Rendering\OpenGL</Filter>
    </ClCompile>
    <ClCompile Include="src\Platform\Rendering\OpenGL\OpenGLImage2D.cpp">
      <Filter>src\Platform\Rendering\OpenGL</Filter>
    </ClCompile>
    <ClCompile Include="src\Platform\Rendering\OpenGL\OpenGLPipeline.cpp">
      <Filter>src\Platform\Rendering\OpenGL</Filter>
    </ClCompile>
    <ClCompile Include="src\Platform\Rendering\OpenGL\OpenGLRenderCommandBuffer.cpp">
      <Filter>src\Platform\Rendering\OpenGL</Filter>
    </ClCompile>
    <ClCompile Include="src\Platform\Rendering\OpenGL\OpenGLRenderPass.cpp">
      <Filter>src\Platform\Rendering\OpenGL</Filter>
    </ClCompile>
    <ClCompile Include="src\Platform\Rendering\OpenGL\OpenGLShader.cpp">
      <Filter>src\Platform\Rendering\OpenGL</Filter>
    </ClCompile>
    <ClCompile Include="src\Platform\Rendering\OpenGL\Textures\OpenGLTexture2D.cpp">
      <Filter>src\Platform\Rendering\OpenGL\Textures</Filter>
    </ClCompile>
    <ClCompile Include="src\Platform\Rendering\Vulkan\Core\ValidationLayer.cpp">
      <Filter>src\Platform\Rendering\Vulkan\Core</Filter>
    </ClCompile>
    <ClCompile Include="src\Platform\Rendering\Vulkan\Core\VulkanAllocator.cpp">
      <Filter>src\Platform\Rendering\Vulkan\Core</Filter>
    </ClCompile>
    <ClCompile Include="src\Platform\Rendering\Vulkan\Core\VulkanDevice.cpp">
      <Filter>src\Platform\Rendering\Vulkan\Core</Filter>
    </ClCompile>
    <ClCompile Include="src\Platform\Rendering\Vulkan\Core\VulkanSwapChain.cpp">
      <Filter>src\Platform\Rendering\Vulkan\Core</Filter>
    </ClCompile>
    <ClCompile Include="src\Platform\Rendering\Vulkan\Core\WindowSurface.cpp">
      <Filter>src\Platform\Rendering\Vulkan\Core</Filter>
    </ClCompile>
    <ClCompile Include="src\Platform\Rendering\Vulkan\Image\VulkanImage2D.cpp">
      <Filter>src\Platform\Rendering\Vulkan\Image</Filter>
    </ClCompile>
    <ClCompile Include="src\Platform\Rendering\Vulkan\Pipeline\VulkanBuffers.cpp">
      <Filter>src\Platform\Rendering\Vulkan\Pipeline</Filter>
    </ClCompile>
    <ClCompile Include="src\Platform\Rendering\Vulkan\Pipeline\VulkanPipeline.cpp">
      <Filter>src\Platform\Rendering\Vulkan\Pipeline</Filter>
    </ClCompile>
    <ClCompile Include="src\Platform\Rendering\Vulkan\Pipeline\VulkanRenderPass.cpp">
      <Filter>src\Platform\Rendering\Vulkan\Pipeline</Filter>
    </ClCompile>
    <ClCompile Include="src\Platform\Rendering\Vulkan\Pipeline\VulkanShader.cpp">
      <Filter>src\Platform\Rendering\Vulkan\Pipeline</Filter>
    </ClCompile>
    <ClCompile Include="src\Platform\Rendering\Vulkan\VKUtils.cpp">
      <Filter>src\Platform\Rendering\Vulkan</Filter>
    </ClCompile>
    <ClCompile Include="src\Platform\Rendering\Vulkan\VulkanContext.cpp">
      <Filter>src\Platform\Rendering\Vulkan</Filter>
    </ClCompile>
    <ClCompile Include="src\Platform\Rendering\Vulkan\VulkanFrameBuffer.cpp">
      <Filter>src\Platform\Rendering\Vulkan</Filter>
    </ClCompile>
    <ClCompile Include="src\Platform\Rendering\Vulkan\VulkanRenderCommandBuffer.cpp">
      <Filter>src\Platform\Rendering\Vulkan</Filter>
    </ClCompile>
    <ClCompile Include="src\Platform\Rendering\Vulkan\VulkanTexture2D.cpp">
      <Filter>src\Platform\Rendering\Vulkan</Filter>
    </ClCompile>
    <ClCompile Include="src\Platform\System\Windows\WindowsInput.cpp">
      <Filter>src\Platform\System\Windows</Filter>
    </ClCompile>
    <ClCompile Include="src\Platform\System\Windows\WindowsUtils.cpp">
      <Filter>src\Platform\System\Windows</Filter>
    </ClCompile>
    <ClCompile Include="src\Platform\System\Windows\WindowsWindow.cpp">
      <Filter>src\Platform\System\Windows</Filter>
    </ClCompile>
    <ClCompile Include="src\Scripting\CSharp\AttributeBuilder.cpp">
      <Filter>src\Scripting\CSharp</Filter>
    </ClCompile>
    <ClCompile Include="src\Scripting\CSharp\CSharpEngine.cpp">
      <Filter>src\Scripting\CSharp</Filter>
    </ClCompile>
    <ClCompile Include="src\Scripting\CSharp\CSharpField.cpp">
      <Filter>src\Scripting\CSharp</Filter>
    </ClCompile>
    <ClCompile Include="src\Scripting\CSharp\CSharpScript.cpp">
      <Filter>src\Scripting\CSharp</Filter>
    </ClCompile>
    <ClCompile Include="src\Scripting\CSharp\Mono\Mono.cpp">
      <Filter>src\Scripting\CSharp\Mono</Filter>
    </ClCompile>
    <ClCompile Include="src\Scripting\CSharp\Script\Hazard\Application\ApplicationBindings.cpp">
      <Filter>src\Scripting\CSharp\Script\Hazard\Application</Filter>
    </ClCompile>
    <ClCompile Include="src\Scripting\CSharp\Script\Hazard\Application\DisplayBindings.cpp">
      <Filter>src\Scripting\CSharp\Script\Hazard\Application</Filter>
    </ClCompile>
    <ClCompile Include="src\Scripting\CSharp\Script\Hazard\Application\InputBindings.cpp">
      <Filter>src\Scripting\CSharp\Script\Hazard\Application</Filter>
    </ClCompile>
    <ClCompile Include="src\Scripting\CSharp\Script\Hazard\Debug\ConsoleBindings.cpp">
      <Filter>src\Scripting\CSharp\Script\Hazard\Debug</Filter>
    </ClCompile>
    <ClCompile Include="src\Scripting\CSharp\Script\Hazard\Debug\GizmoBindings.cpp">
      <Filter>src\Scripting\CSharp\Script\Hazard\Debug</Filter>
    </ClCompile>
    <ClCompile Include="src\Scripting\CSharp\Script\Hazard\ECS\AudioSourceBindings.cpp">
      <Filter>src\Scripting\CSharp\Script\Hazard\ECS</Filter>
    </ClCompile>
    <ClCompile Include="src\Scripting\CSharp\Script\Hazard\ECS\EntityBindings.cpp">
      <Filter>src\Scripting\CSharp\Script\Hazard\ECS</Filter>
    </ClCompile>
    <ClCompile Include="src\Scripting\CSharp\Script\Hazard\ECS\TagComponentBindings.cpp">
      <Filter>src\Scripting\CSharp\Script\Hazard\ECS</Filter>
    </ClCompile>
    <ClCompile Include="src\Scripting\CSharp\Script\Hazard\ECS\TransformBindings.cpp">
      <Filter>src\Scripting\CSharp\Script\Hazard\ECS</Filter>
    </ClCompile>
    <ClCompile Include="src\Scripting\CSharp\Script\Hazard\Math\MathBindings.cpp">
      <Filter>src\Scripting\CSharp\Script\Hazard\Math</Filter>
    </ClCompile>
    <ClCompile Include="src\Scripting\CSharp\Script\Rendering\BufferBindings.cpp">
      <Filter>src\Scripting\CSharp\Script\Rendering</Filter>
    </ClCompile>
    <ClCompile Include="src\Scripting\CSharp\ScriptBindings.cpp">
      <Filter>src\Scripting\CSharp</Filter>
    </ClCompile>
    <ClCompile Include="src\Scripting\CSharp\ScriptUtils.cpp">
      <Filter>src\Scripting\CSharp</Filter>
    </ClCompile>
    <ClCompile Include="src\Scripting\HazardScript\HVSEngine.cpp">
      <Filter>src\Scripting\HazardScript</Filter>
    </ClCompile>
    <ClCompile Include="src\hzrpch.cpp">
      <Filter>src</Filter>
    </ClCompile>
    <ClCompile Include="vendor\VulkanMemoryAllocator\vk_mem_alloc.cpp">
      <Filter>vendor\VulkanMemoryAllocator</Filter>
    </ClCompile>
    <ClCompile Include="vendor\stb_image\stb_image.cpp">
      <Filter>vendor\stb_image</Filter>
    </ClCompile>
    <ClCompile Include="src\Hazard\Assets\AssetEnums.cpp" />
  </ItemGroup>
</Project>