<?xml version="1.0" encoding="utf-8"?>
<Project ToolsVersion="4.0" xmlns="http://schemas.microsoft.com/developer/msbuild/2003">
  <ItemGroup>
    <Filter Include="src">
      <UniqueIdentifier>{2DAB880B-99B4-887C-2230-9F7C8E38947C}</UniqueIdentifier>
    </Filter>
    <Filter Include="src\Hazard">
      <UniqueIdentifier>{16265114-02DE-9261-6BE5-6BBD57BC2D52}</UniqueIdentifier>
    </Filter>
    <Filter Include="src\Hazard\Core">
      <UniqueIdentifier>{2E88C349-9A13-310E-A324-B4020F2F8D0E}</UniqueIdentifier>
    </Filter>
    <Filter Include="src\Hazard\Entity">
      <UniqueIdentifier>{A2BD5FCD-0ED4-5D63-574B-E984C3A02EEB}</UniqueIdentifier>
    </Filter>
    <Filter Include="src\Hazard\Events">
      <UniqueIdentifier>{3A5DE8CD-A673-E663-EFEA-71855B40B7EB}</UniqueIdentifier>
    </Filter>
    <Filter Include="src\Hazard\File">
      <UniqueIdentifier>{0513C549-719E-320E-7AAF-B502E6B98E0E}</UniqueIdentifier>
    </Filter>
    <Filter Include="src\Hazard\Logging">
      <UniqueIdentifier>{ACBC9795-98A0-58EB-0101-533EED03436D}</UniqueIdentifier>
    </Filter>
    <Filter Include="src\Hazard\Math">
      <UniqueIdentifier>{AFC8C849-1B54-360E-2465-B902906F920E}</UniqueIdentifier>
    </Filter>
    <Filter Include="src\Hazard\Module">
      <UniqueIdentifier>{0B8712E0-779D-1076-C014-9C972C6AE1FD}</UniqueIdentifier>
    </Filter>
    <Filter Include="src\Hazard\Rendering">
      <UniqueIdentifier>{E30264EE-CF91-EDB7-78B0-01B3641EFE5D}</UniqueIdentifier>
    </Filter>
    <Filter Include="src\Hazard\Rendering\2D">
      <UniqueIdentifier>{A80A7A05-1442-C29C-1D4C-26C08902E995}</UniqueIdentifier>
    </Filter>
    <Filter Include="src\Hazard\Rendering\Buffers">
      <UniqueIdentifier>{5FF592A6-4BB0-8252-F467-FB9CE001CDE2}</UniqueIdentifier>
    </Filter>
    <Filter Include="src\Hazard\Rendering\Shader">
      <UniqueIdentifier>{29B50B43-95C2-3929-1EA9-35148AB505E0}</UniqueIdentifier>
    </Filter>
    <Filter Include="src\Hazard\Rendering\Textures">
      <UniqueIdentifier>{16C4F170-82DC-D89A-4B89-6834B7606D34}</UniqueIdentifier>
    </Filter>
    <Filter Include="src\Platform">
      <UniqueIdentifier>{21CA02E5-0D2D-9289-B6B2-CA3FA2F45D0C}</UniqueIdentifier>
    </Filter>
    <Filter Include="src\Platform\Rendering">
      <UniqueIdentifier>{AE706E2F-9A6A-9781-83D7-2D926F70FDED}</UniqueIdentifier>
    </Filter>
    <Filter Include="src\Platform\Rendering\OpenGL">
      <UniqueIdentifier>{22CAEB0B-8EE2-D235-578F-62CFC36667CF}</UniqueIdentifier>
    </Filter>
    <Filter Include="src\Platform\Rendering\OpenGL\Buffer">
      <UniqueIdentifier>{CB51A72C-B738-6924-6089-CF414C4FE28A}</UniqueIdentifier>
    </Filter>
    <Filter Include="src\Platform\Rendering\OpenGL\Shader">
      <UniqueIdentifier>{88FF6053-74E6-224B-1D37-896809FD9BB1}</UniqueIdentifier>
    </Filter>
    <Filter Include="src\Platform\Rendering\OpenGL\Texture">
      <UniqueIdentifier>{82F12407-EEB5-23F7-B71B-54C1239FBF2C}</UniqueIdentifier>
    </Filter>
    <Filter Include="src\Platform\System">
      <UniqueIdentifier>{15EE9341-814F-714F-0ABD-B701761DA80E}</UniqueIdentifier>
    </Filter>
    <Filter Include="src\Platform\System\Windows">
      <UniqueIdentifier>{4FDDE4E9-BBEA-12D0-44D1-0EBBB0DDDE86}</UniqueIdentifier>
    </Filter>
    <Filter Include="vendor">
      <UniqueIdentifier>{B3738122-9F15-ACF8-88D0-BF4C74113349}</UniqueIdentifier>
    </Filter>
    <Filter Include="vendor\stb-image">
      <UniqueIdentifier>{9BB018E5-87A9-3737-B0DB-1CBC9C331743}</UniqueIdentifier>
    </Filter>
  </ItemGroup>
  <ItemGroup>
    <ClInclude Include="src\Hazard.h">
      <Filter>src</Filter>
    </ClInclude>
    <ClInclude Include="src\Hazard\Core\Application.h">
      <Filter>src\Hazard\Core</Filter>
    </ClInclude>
    <ClInclude Include="src\Hazard\Core\Core.h">
      <Filter>src\Hazard\Core</Filter>
    </ClInclude>
    <ClInclude Include="src\Hazard\Core\EntryPoint.h">
      <Filter>src\Hazard\Core</Filter>
    </ClInclude>
    <ClInclude Include="src\Hazard\Core\HazardLoop.h">
      <Filter>src\Hazard\Core</Filter>
    </ClInclude>
    <ClInclude Include="src\Hazard\Entity\Component.h">
      <Filter>src\Hazard\Entity</Filter>
    </ClInclude>
    <ClInclude Include="src\Hazard\Entity\Entity.h">
      <Filter>src\Hazard\Entity</Filter>
    </ClInclude>
    <ClInclude Include="src\Hazard\Entity\Scene.h">
      <Filter>src\Hazard\Entity</Filter>
    </ClInclude>
    <ClInclude Include="src\Hazard\Entity\SceneHandler.h">
      <Filter>src\Hazard\Entity</Filter>
    </ClInclude>
    <ClInclude Include="src\Hazard\Events\ApplicationEvent.h">
      <Filter>src\Hazard\Events</Filter>
    </ClInclude>
    <ClInclude Include="src\Hazard\Events\Event.h">
      <Filter>src\Hazard\Events</Filter>
    </ClInclude>
    <ClInclude Include="src\Hazard\Events\KeyEvent.h">
      <Filter>src\Hazard\Events</Filter>
    </ClInclude>
    <ClInclude Include="src\Hazard\Events\MouseEvent.h">
      <Filter>src\Hazard\Events</Filter>
    </ClInclude>
    <ClInclude Include="src\Hazard\File\File.h">
      <Filter>src\Hazard\File</Filter>
    </ClInclude>
    <ClInclude Include="src\Hazard\File\StringUtil.h">
      <Filter>src\Hazard\File</Filter>
    </ClInclude>
    <ClInclude Include="src\Hazard\Logging\Logger.h">
      <Filter>src\Hazard\Logging</Filter>
    </ClInclude>
    <ClInclude Include="src\Hazard\Math\Color.h">
      <Filter>src\Hazard\Math</Filter>
    </ClInclude>
    <ClInclude Include="src\Hazard\Math\Math.h">
      <Filter>src\Hazard\Math</Filter>
    </ClInclude>
    <ClInclude Include="src\Hazard\Math\Time.h">
      <Filter>src\Hazard\Math</Filter>
    </ClInclude>
    <ClInclude Include="src\Hazard\Module\Module.h">
      <Filter>src\Hazard\Module</Filter>
    </ClInclude>
    <ClInclude Include="src\Hazard\Module\ModuleHandler.h">
      <Filter>src\Hazard\Module</Filter>
    </ClInclude>
    <ClInclude Include="src\Hazard\Rendering\2D\QuadData.h">
      <Filter>src\Hazard\Rendering\2D</Filter>
    </ClInclude>
    <ClInclude Include="src\Hazard\Rendering\2D\Renderer2D.h">
      <Filter>src\Hazard\Rendering\2D</Filter>
    </ClInclude>
    <ClInclude Include="src\Hazard\Rendering\Buffers\Buffer.h">
      <Filter>src\Hazard\Rendering\Buffers</Filter>
    </ClInclude>
    <ClInclude Include="src\Hazard\Rendering\Buffers\ShaderData.h">
      <Filter>src\Hazard\Rendering\Buffers</Filter>
    </ClInclude>
    <ClInclude Include="src\Hazard\Rendering\Buffers\VertexArray.h">
      <Filter>src\Hazard\Rendering\Buffers</Filter>
    </ClInclude>
    <ClInclude Include="src\Hazard\Rendering\RenderContext.h">
      <Filter>src\Hazard\Rendering</Filter>
    </ClInclude>
    <ClInclude Include="src\Hazard\Rendering\RenderEngine.h">
      <Filter>src\Hazard\Rendering</Filter>
    </ClInclude>
    <ClInclude Include="src\Hazard\Rendering\RenderUtils.h">
      <Filter>src\Hazard\Rendering</Filter>
    </ClInclude>
    <ClInclude Include="src\Hazard\Rendering\Shader\Shader.h">
      <Filter>src\Hazard\Rendering\Shader</Filter>
    </ClInclude>
    <ClInclude Include="src\Hazard\Rendering\Textures\RenderTexture.h">
      <Filter>src\Hazard\Rendering\Textures</Filter>
    </ClInclude>
    <ClInclude Include="src\Hazard\Rendering\Textures\Texture.h">
      <Filter>src\Hazard\Rendering\Textures</Filter>
    </ClInclude>
    <ClInclude Include="src\Hazard\Rendering\Textures\Texture2D.h">
      <Filter>src\Hazard\Rendering\Textures</Filter>
    </ClInclude>
    <ClInclude Include="src\Platform\Rendering\GraphicsContext.h">
      <Filter>src\Platform\Rendering</Filter>
    </ClInclude>
    <ClInclude Include="src\Platform\Rendering\OpenGL\Buffer\OpenGLBuffer.h">
      <Filter>src\Platform\Rendering\OpenGL\Buffer</Filter>
    </ClInclude>
    <ClInclude Include="src\Platform\Rendering\OpenGL\Buffer\OpenGLVertexArray.h">
      <Filter>src\Platform\Rendering\OpenGL\Buffer</Filter>
    </ClInclude>
    <ClInclude Include="src\Platform\Rendering\OpenGL\OpenGLContext.h">
      <Filter>src\Platform\Rendering\OpenGL</Filter>
    </ClInclude>
    <ClInclude Include="src\Platform\Rendering\OpenGL\Shader\OpenGLShader.h">
      <Filter>src\Platform\Rendering\OpenGL\Shader</Filter>
    </ClInclude>
    <ClInclude Include="src\Platform\Rendering\OpenGL\Texture\OpenGLRenderTexture.h">
      <Filter>src\Platform\Rendering\OpenGL\Texture</Filter>
    </ClInclude>
    <ClInclude Include="src\Platform\Rendering\OpenGL\Texture\OpenGLTexture2D.h">
      <Filter>src\Platform\Rendering\OpenGL\Texture</Filter>
    </ClInclude>
    <ClInclude Include="src\Platform\System\Window.h">
      <Filter>src\Platform\System</Filter>
    </ClInclude>
    <ClInclude Include="src\Platform\System\Windows\WindowWindow.h">
      <Filter>src\Platform\System\Windows</Filter>
    </ClInclude>
    <ClInclude Include="src\hzrpch.h">
      <Filter>src</Filter>
    </ClInclude>
    <ClInclude Include="vendor\stb-image\stb_image.h">
      <Filter>vendor\stb-image</Filter>
    </ClInclude>
    <ClInclude Include="src\Hazard\Events\KeyCode.h" />
    <ClInclude Include="src\Hazard\Events\MouseCode.h" />
    <ClInclude Include="src\Hazard\Events\Input.h" />
    <ClInclude Include="src\Hazard\Entity\SceneSerializer.h">
      <Filter>src\Hazard\Entity</Filter>
    </ClInclude>
  </ItemGroup>
  <ItemGroup>
    <ClCompile Include="src\Hazard\Core\Application.cpp">
      <Filter>src\Hazard\Core</Filter>
    </ClCompile>
    <ClCompile Include="src\Hazard\Core\HazardLoop.cpp">
      <Filter>src\Hazard\Core</Filter>
    </ClCompile>
    <ClCompile Include="src\Hazard\Entity\Entity.cpp">
      <Filter>src\Hazard\Entity</Filter>
    </ClCompile>
    <ClCompile Include="src\Hazard\Entity\Scene.cpp">
      <Filter>src\Hazard\Entity</Filter>
    </ClCompile>
    <ClCompile Include="src\Hazard\Entity\SceneHandler.cpp">
      <Filter>src\Hazard\Entity</Filter>
    </ClCompile>
    <ClCompile Include="src\Hazard\File\File.cpp">
      <Filter>src\Hazard\File</Filter>
    </ClCompile>
    <ClCompile Include="src\Hazard\File\StringUtil.cpp">
      <Filter>src\Hazard\File</Filter>
    </ClCompile>
    <ClCompile Include="src\Hazard\Logging\Logger.cpp">
      <Filter>src\Hazard\Logging</Filter>
    </ClCompile>
    <ClCompile Include="src\Hazard\Math\Color.cpp">
      <Filter>src\Hazard\Math</Filter>
    </ClCompile>
    <ClCompile Include="src\Hazard\Math\Time.cpp">
      <Filter>src\Hazard\Math</Filter>
    </ClCompile>
    <ClCompile Include="src\Hazard\Module\Modulehandler.cpp">
      <Filter>src\Hazard\Module</Filter>
    </ClCompile>
    <ClCompile Include="src\Hazard\Rendering\2D\Renderer2D.cpp">
      <Filter>src\Hazard\Rendering\2D</Filter>
    </ClCompile>
    <ClCompile Include="src\Hazard\Rendering\RenderContext.cpp">
      <Filter>src\Hazard\Rendering</Filter>
    </ClCompile>
    <ClCompile Include="src\Hazard\Rendering\RenderEngine.cpp">
      <Filter>src\Hazard\Rendering</Filter>
    </ClCompile>
    <ClCompile Include="src\Hazard\Rendering\RenderUtils.cpp">
      <Filter>src\Hazard\Rendering</Filter>
    </ClCompile>
    <ClCompile Include="src\Platform\Rendering\OpenGL\Buffer\OpenGLBuffer.cpp">
      <Filter>src\Platform\Rendering\OpenGL\Buffer</Filter>
    </ClCompile>
    <ClCompile Include="src\Platform\Rendering\OpenGL\Buffer\OpenGLvertexArray.cpp">
      <Filter>src\Platform\Rendering\OpenGL\Buffer</Filter>
    </ClCompile>
    <ClCompile Include="src\Platform\Rendering\OpenGL\OpenGLContext.cpp">
      <Filter>src\Platform\Rendering\OpenGL</Filter>
    </ClCompile>
    <ClCompile Include="src\Platform\Rendering\OpenGL\Shader\OpenGLShader.cpp">
      <Filter>src\Platform\Rendering\OpenGL\Shader</Filter>
    </ClCompile>
    <ClCompile Include="src\Platform\Rendering\OpenGL\Texture\OpenGLRenderTexture.cpp">
      <Filter>src\Platform\Rendering\OpenGL\Texture</Filter>
    </ClCompile>
    <ClCompile Include="src\Platform\Rendering\OpenGL\Texture\OpenGLTexture2D.cpp">
      <Filter>src\Platform\Rendering\OpenGL\Texture</Filter>
    </ClCompile>
    <ClCompile Include="src\Platform\System\Windows\WindowsWindow.cpp">
      <Filter>src\Platform\System\Windows</Filter>
    </ClCompile>
    <ClCompile Include="src\hzrpch.cpp">
      <Filter>src</Filter>
    </ClCompile>
    <ClCompile Include="vendor\stb-image\stb_image.cpp">
      <Filter>vendor\stb-image</Filter>
    </ClCompile>
    <ClCompile Include="src\Platform\System\Windows\WindowsInput.cpp" />
    <ClCompile Include="src\Hazard\Entity\SceneSerializer.cpp">
      <Filter>src\Hazard\Entity</Filter>
    </ClCompile>
  </ItemGroup>
</Project>