<?xml version="1.0" encoding="utf-8"?>
<Project ToolsVersion="4.0" xmlns="http://schemas.microsoft.com/developer/msbuild/2003">
  <ItemGroup>
    <Filter Include="contrib">
      <UniqueIdentifier>{16D079D3-82AF-F86E-8BC7-8345F7255FD0}</UniqueIdentifier>
    </Filter>
  </ItemGroup>
  <ItemGroup>
    <ClInclude Include="..\vendor\yaml-cpp\src\collectionstack.h" />
    <ClInclude Include="..\vendor\yaml-cpp\src\contrib\graphbuilderadapter.h">
      <Filter>contrib</Filter>
    </ClInclude>
    <ClInclude Include="..\vendor\yaml-cpp\src\directives.h" />
    <ClInclude Include="..\vendor\yaml-cpp\src\emitterstate.h" />
    <ClInclude Include="..\vendor\yaml-cpp\src\emitterutils.h" />
    <ClInclude Include="..\vendor\yaml-cpp\src\exp.h" />
    <ClInclude Include="..\vendor\yaml-cpp\src\indentation.h" />
    <ClInclude Include="..\vendor\yaml-cpp\src\nodebuilder.h" />
    <ClInclude Include="..\vendor\yaml-cpp\src\nodeevents.h" />
    <ClInclude Include="..\vendor\yaml-cpp\src\ptr_vector.h" />
    <ClInclude Include="..\vendor\yaml-cpp\src\regex_yaml.h" />
    <ClInclude Include="..\vendor\yaml-cpp\src\regeximpl.h" />
    <ClInclude Include="..\vendor\yaml-cpp\src\scanner.h" />
    <ClInclude Include="..\vendor\yaml-cpp\src\scanscalar.h" />
    <ClInclude Include="..\vendor\yaml-cpp\src\scantag.h" />
    <ClInclude Include="..\vendor\yaml-cpp\src\setting.h" />
    <ClInclude Include="..\vendor\yaml-cpp\src\singledocparser.h" />
    <ClInclude Include="..\vendor\yaml-cpp\src\stream.h" />
    <ClInclude Include="..\vendor\yaml-cpp\src\streamcharsource.h" />
    <ClInclude Include="..\vendor\yaml-cpp\src\stringsource.h" />
    <ClInclude Include="..\vendor\yaml-cpp\src\tag.h" />
    <ClInclude Include="..\vendor\yaml-cpp\src\token.h" />
  </ItemGroup>
  <ItemGroup>
    <ClCompile Include="..\vendor\yaml-cpp\src\binary.cpp" />
    <ClCompile Include="..\vendor\yaml-cpp\src\contrib\graphbuilder.cpp">
      <Filter>contrib</Filter>
    </ClCompile>
    <ClCompile Include="..\vendor\yaml-cpp\src\contrib\graphbuilderadapter.cpp">
      <Filter>contrib</Filter>
    </ClCompile>
    <ClCompile Include="..\vendor\yaml-cpp\src\convert.cpp" />
    <ClCompile Include="..\vendor\yaml-cpp\src\depthguard.cpp" />
    <ClCompile Include="..\vendor\yaml-cpp\src\directives.cpp" />
    <ClCompile Include="..\vendor\yaml-cpp\src\emit.cpp" />
    <ClCompile Include="..\vendor\yaml-cpp\src\emitfromevents.cpp" />
    <ClCompile Include="..\vendor\yaml-cpp\src\emitter.cpp" />
    <ClCompile Include="..\vendor\yaml-cpp\src\emitterstate.cpp" />
    <ClCompile Include="..\vendor\yaml-cpp\src\emitterutils.cpp" />
    <ClCompile Include="..\vendor\yaml-cpp\src\exceptions.cpp" />
    <ClCompile Include="..\vendor\yaml-cpp\src\exp.cpp" />
    <ClCompile Include="..\vendor\yaml-cpp\src\memory.cpp" />
    <ClCompile Include="..\vendor\yaml-cpp\src\node.cpp" />
    <ClCompile Include="..\vendor\yaml-cpp\src\node_data.cpp" />
    <ClCompile Include="..\vendor\yaml-cpp\src\nodebuilder.cpp" />
    <ClCompile Include="..\vendor\yaml-cpp\src\nodeevents.cpp" />
    <ClCompile Include="..\vendor\yaml-cpp\src\null.cpp" />
    <ClCompile Include="..\vendor\yaml-cpp\src\ostream_wrapper.cpp" />
    <ClCompile Include="..\vendor\yaml-cpp\src\parse.cpp" />
    <ClCompile Include="..\vendor\yaml-cpp\src\parser.cpp" />
    <ClCompile Include="..\vendor\yaml-cpp\src\regex_yaml.cpp" />
    <ClCompile Include="..\vendor\yaml-cpp\src\scanner.cpp" />
    <ClCompile Include="..\vendor\yaml-cpp\src\scanscalar.cpp" />
    <ClCompile Include="..\vendor\yaml-cpp\src\scantag.cpp" />
    <ClCompile Include="..\vendor\yaml-cpp\src\scantoken.cpp" />
    <ClCompile Include="..\vendor\yaml-cpp\src\simplekey.cpp" />
    <ClCompile Include="..\vendor\yaml-cpp\src\singledocparser.cpp" />
    <ClCompile Include="..\vendor\yaml-cpp\src\stream.cpp" />
    <ClCompile Include="..\vendor\yaml-cpp\src\tag.cpp" />
  </ItemGroup>
</Project>