<?xml version="1.0" encoding="utf-8"?>
<Project ToolsVersion="4.0" xmlns="http://schemas.microsoft.com/developer/msbuild/2003">
  <ItemGroup>
    <Filter Include="platform">
      <UniqueIdentifier>{4A63C33C-3630-1E48-5F49-0CF04B7553D6}</UniqueIdentifier>
    </Filter>
    <Filter Include="platform\GLFW">
      <UniqueIdentifier>{C9BC714D-357D-ED83-FEB7-36016A373260}</UniqueIdentifier>
    </Filter>
    <Filter Include="src">
      <UniqueIdentifier>{2DAB880B-99B4-887C-2230-9F7C8E38947C}</UniqueIdentifier>
    </Filter>
    <Filter Include="src\Core">
      <UniqueIdentifier>{A5D31CCF-91A0-77DA-BAB9-6582A6E5AC68}</UniqueIdentifier>
    </Filter>
    <Filter Include="src\GUI">
      <UniqueIdentifier>{C1782FA9-2D58-AE44-3670-391BA2CE14A6}</UniqueIdentifier>
    </Filter>
    <Filter Include="src\GUI\Window">
      <UniqueIdentifier>{8802468C-74D0-3992-5D64-AAB849D115F7}</UniqueIdentifier>
    </Filter>
  </ItemGroup>
  <ItemGroup>
    <ClInclude Include="src\Core\HazardEditor.h">
      <Filter>src\Core</Filter>
    </ClInclude>
    <ClInclude Include="src\GUI\EditorView.h">
      <Filter>src\GUI</Filter>
    </ClInclude>
    <ClInclude Include="src\GUI\EditorWindow.h">
      <Filter>src\GUI</Filter>
    </ClInclude>
    <ClInclude Include="src\GUI\Window\AllWindows.h">
      <Filter>src\GUI\Window</Filter>
    </ClInclude>
    <ClInclude Include="src\hzreditor.h">
      <Filter>src</Filter>
    </ClInclude>
    <ClInclude Include="src\GUI\Library\Style.h">
      <Filter>src\GUI</Filter>
    </ClInclude>
    <ClInclude Include="src\GUI\Window\Inspect\Hierarchy.h" />
    <ClInclude Include="src\GUI\Window\Inspect\Inspector.h">
      <Filter>src\GUI\Window</Filter>
    </ClInclude>
    <ClInclude Include="src\GUI\Window\Rendering\Viewport.h">
      <Filter>src\GUI\Window</Filter>
    </ClInclude>
    <ClInclude Include="src\GUI\Window\Rendering\Performance.h" />
    <ClInclude Include="src\GUI\Library\Input.h" />
    <ClInclude Include="src\GUI\Library\Layout.h" />
    <ClInclude Include="src\GUI\Window\Inspect\FileView.h" />
    <ClInclude Include="src\GUI\RenderableElement.h" />
    <ClInclude Include="src\GUI\Window\MenuBar.h" />
  </ItemGroup>
  <ItemGroup>
    <ClCompile Include="platform\GLFW\imgui_impl_glfw.cpp">
      <Filter>platform\GLFW</Filter>
    </ClCompile>
    <ClCompile Include="platform\GLFW\imgui_impl_opengl3.cpp">
      <Filter>platform\GLFW</Filter>
    </ClCompile>
    <ClCompile Include="src\Core\HazardEditor.cpp">
      <Filter>src\Core</Filter>
    </ClCompile>
    <ClCompile Include="src\GUI\EditorView.cpp">
      <Filter>src\GUI</Filter>
    </ClCompile>
    <ClCompile Include="src\GUI\EditorWindow.cpp">
      <Filter>src\GUI</Filter>
    </ClCompile>
    <ClCompile Include="src\hzreditor.cpp">
      <Filter>src</Filter>
    </ClCompile>
    <ClCompile Include="src\GUI\Library\Style.cpp">
      <Filter>src\GUI</Filter>
    </ClCompile>
    <ClCompile Include="src\GUI\Window\Inspect\Hierarchy.cpp" />
    <ClCompile Include="src\GUI\Window\Inspect\Inspector.cpp">
      <Filter>src\GUI\Window</Filter>
    </ClCompile>
    <ClCompile Include="src\GUI\Window\Rendering\Viewport.cpp">
      <Filter>src\GUI\Window</Filter>
    </ClCompile>
    <ClCompile Include="src\GUI\Window\Rendering\Performance.cpp" />
    <ClCompile Include="src\GUI\Library\Input.cpp" />
    <ClCompile Include="src\GUI\Library\Layout.cpp" />
    <ClCompile Include="src\GUI\Window\Inspect\FileView.cpp" />
    <ClCompile Include="src\GUI\Window\MenuBar.cpp" />
  </ItemGroup>
</Project>